// !$*UTF8*$!
{
	archiveVersion = 1;
	classes = {
	};
	objectVersion = 56;
	objects = {

/* Begin PBXBuildFile section */
		8415A1162A203B18007545AD /* EditInfoViewController.swift in Sources */ = {isa = PBXBuildFile; fileRef = 8415A1152A203B18007545AD /* EditInfoViewController.swift */; };
		8415A1182A2044EE007545AD /* AddProductViewController.swift in Sources */ = {isa = PBXBuildFile; fileRef = 8415A1172A2044EE007545AD /* AddProductViewController.swift */; };
		8459DDA62A1E6C3D0006DEFC /* AppDelegate.swift in Sources */ = {isa = PBXBuildFile; fileRef = 8459DDA52A1E6C3D0006DEFC /* AppDelegate.swift */; };
		8459DDA82A1E6C3D0006DEFC /* SceneDelegate.swift in Sources */ = {isa = PBXBuildFile; fileRef = 8459DDA72A1E6C3D0006DEFC /* SceneDelegate.swift */; };
		8459DDAA2A1E6C3D0006DEFC /* ViewController.swift in Sources */ = {isa = PBXBuildFile; fileRef = 8459DDA92A1E6C3D0006DEFC /* ViewController.swift */; };
		8459DDAD2A1E6C3D0006DEFC /* Main.storyboard in Resources */ = {isa = PBXBuildFile; fileRef = 8459DDAB2A1E6C3D0006DEFC /* Main.storyboard */; };
		8459DDAF2A1E6C3E0006DEFC /* Assets.xcassets in Resources */ = {isa = PBXBuildFile; fileRef = 8459DDAE2A1E6C3E0006DEFC /* Assets.xcassets */; };
		8459DDB22A1E6C3E0006DEFC /* LaunchScreen.storyboard in Resources */ = {isa = PBXBuildFile; fileRef = 8459DDB02A1E6C3E0006DEFC /* LaunchScreen.storyboard */; };
		8459DDBD2A1EBF440006DEFC /* UserRequest.swift in Sources */ = {isa = PBXBuildFile; fileRef = 8459DDBC2A1EBF440006DEFC /* UserRequest.swift */; };
		8459DDBF2A1EBF4F0006DEFC /* ProductList.swift in Sources */ = {isa = PBXBuildFile; fileRef = 8459DDBE2A1EBF4F0006DEFC /* ProductList.swift */; };
		8459DDC22A1EC1440006DEFC /* UserResponse.swift in Sources */ = {isa = PBXBuildFile; fileRef = 8459DDC12A1EC1440006DEFC /* UserResponse.swift */; };
		8459DDC52A1EC2CC0006DEFC /* ApiManager.swift in Sources */ = {isa = PBXBuildFile; fileRef = 8459DDC42A1EC2CC0006DEFC /* ApiManager.swift */; };
		8459DDC72A1EC3EF0006DEFC /* ApiManagerDelegate.swift in Sources */ = {isa = PBXBuildFile; fileRef = 8459DDC62A1EC3EF0006DEFC /* ApiManagerDelegate.swift */; };
		8459DDC92A1EC6810006DEFC /* ApiParser.swift in Sources */ = {isa = PBXBuildFile; fileRef = 8459DDC82A1EC6800006DEFC /* ApiParser.swift */; };
		8459DDCD2A1FAD930006DEFC /* SessionManager.swift in Sources */ = {isa = PBXBuildFile; fileRef = 8459DDCC2A1FAD930006DEFC /* SessionManager.swift */; };
		8459DDCF2A1FB6C20006DEFC /* UserDefaultsManager.swift in Sources */ = {isa = PBXBuildFile; fileRef = 8459DDCE2A1FB6C20006DEFC /* UserDefaultsManager.swift */; };
		8459DDD52A1FCBF30006DEFC /* PasswordViewController.swift in Sources */ = {isa = PBXBuildFile; fileRef = 8459DDD42A1FCBF30006DEFC /* PasswordViewController.swift */; };
		8459DDD72A1FD7AA0006DEFC /* AlertView.swift in Sources */ = {isa = PBXBuildFile; fileRef = 8459DDD62A1FD7AA0006DEFC /* AlertView.swift */; };
		8459DDDB2A1FECE50006DEFC /* HomeViewController.swift in Sources */ = {isa = PBXBuildFile; fileRef = 8459DDDA2A1FECE50006DEFC /* HomeViewController.swift */; };
		8459DDDD2A1FFAB10006DEFC /* InfoViewController.swift in Sources */ = {isa = PBXBuildFile; fileRef = 8459DDDC2A1FFAB10006DEFC /* InfoViewController.swift */; };
		84A266222A200C5200E7B839 /* TimeResults.swift in Sources */ = {isa = PBXBuildFile; fileRef = 84A266212A200C5200E7B839 /* TimeResults.swift */; };
		84A266292A200DA300E7B839 /* ErrorApi.swift in Sources */ = {isa = PBXBuildFile; fileRef = 84A266282A200DA300E7B839 /* ErrorApi.swift */; };
		84A8EA932A216AFD0014C6CE /* ProductListViewController.swift in Sources */ = {isa = PBXBuildFile; fileRef = 84A8EA922A216AFD0014C6CE /* ProductListViewController.swift */; };
		84A8EA952A2179690014C6CE /* UserRepository.swift in Sources */ = {isa = PBXBuildFile; fileRef = 84A8EA942A2179690014C6CE /* UserRepository.swift */; };
		84A8EA972A217CA60014C6CE /* UserInformation.swift in Sources */ = {isa = PBXBuildFile; fileRef = 84A8EA962A217CA60014C6CE /* UserInformation.swift */; };
		84A8EA992A218EBD0014C6CE /* SpinnerViewController.swift in Sources */ = {isa = PBXBuildFile; fileRef = 84A8EA982A218EBD0014C6CE /* SpinnerViewController.swift */; };
/* End PBXBuildFile section */

/* Begin PBXFileReference section */
		8415A1152A203B18007545AD /* EditInfoViewController.swift */ = {isa = PBXFileReference; lastKnownFileType = sourcecode.swift; path = EditInfoViewController.swift; sourceTree = "<group>"; };
		8415A1172A2044EE007545AD /* AddProductViewController.swift */ = {isa = PBXFileReference; lastKnownFileType = sourcecode.swift; path = AddProductViewController.swift; sourceTree = "<group>"; };
		8459DDA22A1E6C3D0006DEFC /* ios-exercise-2.app */ = {isa = PBXFileReference; explicitFileType = wrapper.application; includeInIndex = 0; path = "ios-exercise-2.app"; sourceTree = BUILT_PRODUCTS_DIR; };
		8459DDA52A1E6C3D0006DEFC /* AppDelegate.swift */ = {isa = PBXFileReference; lastKnownFileType = sourcecode.swift; path = AppDelegate.swift; sourceTree = "<group>"; };
		8459DDA72A1E6C3D0006DEFC /* SceneDelegate.swift */ = {isa = PBXFileReference; lastKnownFileType = sourcecode.swift; path = SceneDelegate.swift; sourceTree = "<group>"; };
		8459DDA92A1E6C3D0006DEFC /* ViewController.swift */ = {isa = PBXFileReference; lastKnownFileType = sourcecode.swift; path = ViewController.swift; sourceTree = "<group>"; };
		8459DDAC2A1E6C3D0006DEFC /* Base */ = {isa = PBXFileReference; lastKnownFileType = file.storyboard; name = Base; path = Base.lproj/Main.storyboard; sourceTree = "<group>"; };
		8459DDAE2A1E6C3E0006DEFC /* Assets.xcassets */ = {isa = PBXFileReference; lastKnownFileType = folder.assetcatalog; path = Assets.xcassets; sourceTree = "<group>"; };
		8459DDB12A1E6C3E0006DEFC /* Base */ = {isa = PBXFileReference; lastKnownFileType = file.storyboard; name = Base; path = Base.lproj/LaunchScreen.storyboard; sourceTree = "<group>"; };
		8459DDB32A1E6C3E0006DEFC /* Info.plist */ = {isa = PBXFileReference; lastKnownFileType = text.plist.xml; path = Info.plist; sourceTree = "<group>"; };
		8459DDBC2A1EBF440006DEFC /* UserRequest.swift */ = {isa = PBXFileReference; lastKnownFileType = sourcecode.swift; path = UserRequest.swift; sourceTree = "<group>"; };
		8459DDBE2A1EBF4F0006DEFC /* ProductList.swift */ = {isa = PBXFileReference; lastKnownFileType = sourcecode.swift; path = ProductList.swift; sourceTree = "<group>"; };
		8459DDC12A1EC1440006DEFC /* UserResponse.swift */ = {isa = PBXFileReference; lastKnownFileType = sourcecode.swift; path = UserResponse.swift; sourceTree = "<group>"; };
		8459DDC42A1EC2CC0006DEFC /* ApiManager.swift */ = {isa = PBXFileReference; lastKnownFileType = sourcecode.swift; path = ApiManager.swift; sourceTree = "<group>"; };
		8459DDC62A1EC3EF0006DEFC /* ApiManagerDelegate.swift */ = {isa = PBXFileReference; lastKnownFileType = sourcecode.swift; path = ApiManagerDelegate.swift; sourceTree = "<group>"; };
		8459DDC82A1EC6800006DEFC /* ApiParser.swift */ = {isa = PBXFileReference; lastKnownFileType = sourcecode.swift; path = ApiParser.swift; sourceTree = "<group>"; };
		8459DDCC2A1FAD930006DEFC /* SessionManager.swift */ = {isa = PBXFileReference; lastKnownFileType = sourcecode.swift; path = SessionManager.swift; sourceTree = "<group>"; };
		8459DDCE2A1FB6C20006DEFC /* UserDefaultsManager.swift */ = {isa = PBXFileReference; lastKnownFileType = sourcecode.swift; path = UserDefaultsManager.swift; sourceTree = "<group>"; };
		8459DDD42A1FCBF30006DEFC /* PasswordViewController.swift */ = {isa = PBXFileReference; lastKnownFileType = sourcecode.swift; path = PasswordViewController.swift; sourceTree = "<group>"; };
		8459DDD62A1FD7AA0006DEFC /* AlertView.swift */ = {isa = PBXFileReference; lastKnownFileType = sourcecode.swift; path = AlertView.swift; sourceTree = "<group>"; };
		8459DDDA2A1FECE50006DEFC /* HomeViewController.swift */ = {isa = PBXFileReference; lastKnownFileType = sourcecode.swift; path = HomeViewController.swift; sourceTree = "<group>"; };
		8459DDDC2A1FFAB10006DEFC /* InfoViewController.swift */ = {isa = PBXFileReference; lastKnownFileType = sourcecode.swift; path = InfoViewController.swift; sourceTree = "<group>"; };
		84A266212A200C5200E7B839 /* TimeResults.swift */ = {isa = PBXFileReference; lastKnownFileType = sourcecode.swift; path = TimeResults.swift; sourceTree = "<group>"; };
		84A266282A200DA300E7B839 /* ErrorApi.swift */ = {isa = PBXFileReference; lastKnownFileType = sourcecode.swift; path = ErrorApi.swift; sourceTree = "<group>"; };
		84A8EA922A216AFD0014C6CE /* ProductListViewController.swift */ = {isa = PBXFileReference; lastKnownFileType = sourcecode.swift; path = ProductListViewController.swift; sourceTree = "<group>"; };
		84A8EA942A2179690014C6CE /* UserRepository.swift */ = {isa = PBXFileReference; lastKnownFileType = sourcecode.swift; path = UserRepository.swift; sourceTree = "<group>"; };
		84A8EA962A217CA60014C6CE /* UserInformation.swift */ = {isa = PBXFileReference; lastKnownFileType = sourcecode.swift; path = UserInformation.swift; sourceTree = "<group>"; };
		84A8EA982A218EBD0014C6CE /* SpinnerViewController.swift */ = {isa = PBXFileReference; lastKnownFileType = sourcecode.swift; path = SpinnerViewController.swift; sourceTree = "<group>"; };
/* End PBXFileReference section */

/* Begin PBXFrameworksBuildPhase section */
		8459DD9F2A1E6C3D0006DEFC /* Frameworks */ = {
			isa = PBXFrameworksBuildPhase;
			buildActionMask = 2147483647;
			files = (
			);
			runOnlyForDeploymentPostprocessing = 0;
		};
/* End PBXFrameworksBuildPhase section */

/* Begin PBXGroup section */
		8459DD992A1E6C3D0006DEFC = {
			isa = PBXGroup;
			children = (
				8459DDA42A1E6C3D0006DEFC /* ios-exercise-2 */,
				8459DDA32A1E6C3D0006DEFC /* Products */,
			);
			sourceTree = "<group>";
		};
		8459DDA32A1E6C3D0006DEFC /* Products */ = {
			isa = PBXGroup;
			children = (
				8459DDA22A1E6C3D0006DEFC /* ios-exercise-2.app */,
			);
			name = Products;
			sourceTree = "<group>";
		};
		8459DDA42A1E6C3D0006DEFC /* ios-exercise-2 */ = {
			isa = PBXGroup;
			children = (
				8459DDA52A1E6C3D0006DEFC /* AppDelegate.swift */,
				8459DDA72A1E6C3D0006DEFC /* SceneDelegate.swift */,
				8459DDBB2A1E71A90006DEFC /* Models */,
				8459DDB92A1E6EB30006DEFC /* Controller */,
				8459DDBA2A1E6EBD0006DEFC /* View */,
				8459DDAE2A1E6C3E0006DEFC /* Assets.xcassets */,
				8459DDB02A1E6C3E0006DEFC /* LaunchScreen.storyboard */,
				8459DDB32A1E6C3E0006DEFC /* Info.plist */,
			);
			path = "ios-exercise-2";
			sourceTree = "<group>";
		};
		8459DDB92A1E6EB30006DEFC /* Controller */ = {
			isa = PBXGroup;
			children = (
				84A266272A200D1300E7B839 /* Home */,
				84A266262A200CFF00E7B839 /* Auth */,
				8459DDD62A1FD7AA0006DEFC /* AlertView.swift */,
				84A8EA982A218EBD0014C6CE /* SpinnerViewController.swift */,
			);
			path = Controller;
			sourceTree = "<group>";
		};
		8459DDBA2A1E6EBD0006DEFC /* View */ = {
			isa = PBXGroup;
			children = (
				8459DDAB2A1E6C3D0006DEFC /* Main.storyboard */,
			);
			path = View;
			sourceTree = "<group>";
		};
		8459DDBB2A1E71A90006DEFC /* Models */ = {
			isa = PBXGroup;
			children = (
				84A266232A200C9900E7B839 /* ApiModels */,
				8459DDCA2A1FAD5D0006DEFC /* ApiManager */,
				8459DDCB2A1FAD790006DEFC /* Session */,
			);
			path = Models;
			sourceTree = "<group>";
		};
		8459DDC02A1EC1330006DEFC /* User */ = {
			isa = PBXGroup;
			children = (
				8459DDBC2A1EBF440006DEFC /* UserRequest.swift */,
				8459DDC12A1EC1440006DEFC /* UserResponse.swift */,
				84A8EA962A217CA60014C6CE /* UserInformation.swift */,
			);
			path = User;
			sourceTree = "<group>";
		};
		8459DDC32A1EC2240006DEFC /* Product */ = {
			isa = PBXGroup;
			children = (
				8459DDBE2A1EBF4F0006DEFC /* ProductList.swift */,
			);
			path = Product;
			sourceTree = "<group>";
		};
		8459DDCA2A1FAD5D0006DEFC /* ApiManager */ = {
			isa = PBXGroup;
			children = (
				8459DDC82A1EC6800006DEFC /* ApiParser.swift */,
				8459DDC62A1EC3EF0006DEFC /* ApiManagerDelegate.swift */,
				8459DDC42A1EC2CC0006DEFC /* ApiManager.swift */,
				84A8EA942A2179690014C6CE /* UserRepository.swift */,
			);
			path = ApiManager;
			sourceTree = "<group>";
		};
		8459DDCB2A1FAD790006DEFC /* Session */ = {
			isa = PBXGroup;
			children = (
				8459DDCE2A1FB6C20006DEFC /* UserDefaultsManager.swift */,
				8459DDCC2A1FAD930006DEFC /* SessionManager.swift */,
			);
			path = Session;
			sourceTree = "<group>";
		};
		84A266202A200C4100E7B839 /* Time */ = {
			isa = PBXGroup;
			children = (
				84A266212A200C5200E7B839 /* TimeResults.swift */,
			);
			path = Time;
			sourceTree = "<group>";
		};
		84A266232A200C9900E7B839 /* ApiModels */ = {
			isa = PBXGroup;
			children = (
				84A266242A200CCC00E7B839 /* Errors */,
				8459DDC32A1EC2240006DEFC /* Product */,
				84A266202A200C4100E7B839 /* Time */,
				8459DDC02A1EC1330006DEFC /* User */,
			);
			path = ApiModels;
			sourceTree = "<group>";
		};
		84A266242A200CCC00E7B839 /* Errors */ = {
			isa = PBXGroup;
			children = (
				84A266282A200DA300E7B839 /* ErrorApi.swift */,
			);
			path = Errors;
			sourceTree = "<group>";
		};
		84A266262A200CFF00E7B839 /* Auth */ = {
			isa = PBXGroup;
			children = (
				8459DDA92A1E6C3D0006DEFC /* ViewController.swift */,
				8459DDD42A1FCBF30006DEFC /* PasswordViewController.swift */,
			);
			path = Auth;
			sourceTree = "<group>";
		};
		84A266272A200D1300E7B839 /* Home */ = {
			isa = PBXGroup;
			children = (
				84A8EA902A216ABF0014C6CE /* Product */,
				84A8EA912A216AD10014C6CE /* Information */,
				8459DDDA2A1FECE50006DEFC /* HomeViewController.swift */,
			);
			path = Home;
			sourceTree = "<group>";
		};
		84A8EA902A216ABF0014C6CE /* Product */ = {
			isa = PBXGroup;
			children = (
				84A8EA922A216AFD0014C6CE /* ProductListViewController.swift */,
				8415A1172A2044EE007545AD /* AddProductViewController.swift */,
			);
			path = Product;
			sourceTree = "<group>";
		};
		84A8EA912A216AD10014C6CE /* Information */ = {
			isa = PBXGroup;
			children = (
				8415A1152A203B18007545AD /* EditInfoViewController.swift */,
				8459DDDC2A1FFAB10006DEFC /* InfoViewController.swift */,
			);
			path = Information;
			sourceTree = "<group>";
		};
/* End PBXGroup section */

/* Begin PBXNativeTarget section */
		8459DDA12A1E6C3D0006DEFC /* ios-exercise-2 */ = {
			isa = PBXNativeTarget;
			buildConfigurationList = 8459DDB62A1E6C3F0006DEFC /* Build configuration list for PBXNativeTarget "ios-exercise-2" */;
			buildPhases = (
				8459DD9E2A1E6C3D0006DEFC /* Sources */,
				8459DD9F2A1E6C3D0006DEFC /* Frameworks */,
				8459DDA02A1E6C3D0006DEFC /* Resources */,
			);
			buildRules = (
			);
			dependencies = (
			);
			name = "ios-exercise-2";
			productName = "ios-exercise-2";
			productReference = 8459DDA22A1E6C3D0006DEFC /* ios-exercise-2.app */;
			productType = "com.apple.product-type.application";
		};
/* End PBXNativeTarget section */

/* Begin PBXProject section */
		8459DD9A2A1E6C3D0006DEFC /* Project object */ = {
			isa = PBXProject;
			attributes = {
				BuildIndependentTargetsInParallel = 1;
				LastSwiftUpdateCheck = 1430;
				LastUpgradeCheck = 1430;
				TargetAttributes = {
					8459DDA12A1E6C3D0006DEFC = {
						CreatedOnToolsVersion = 14.3;
					};
				};
			};
			buildConfigurationList = 8459DD9D2A1E6C3D0006DEFC /* Build configuration list for PBXProject "ios-exercise-2" */;
			compatibilityVersion = "Xcode 14.0";
			developmentRegion = en;
			hasScannedForEncodings = 0;
			knownRegions = (
				en,
				Base,
			);
			mainGroup = 8459DD992A1E6C3D0006DEFC;
			productRefGroup = 8459DDA32A1E6C3D0006DEFC /* Products */;
			projectDirPath = "";
			projectRoot = "";
			targets = (
				8459DDA12A1E6C3D0006DEFC /* ios-exercise-2 */,
			);
		};
/* End PBXProject section */

/* Begin PBXResourcesBuildPhase section */
		8459DDA02A1E6C3D0006DEFC /* Resources */ = {
			isa = PBXResourcesBuildPhase;
			buildActionMask = 2147483647;
			files = (
				8459DDB22A1E6C3E0006DEFC /* LaunchScreen.storyboard in Resources */,
				8459DDAF2A1E6C3E0006DEFC /* Assets.xcassets in Resources */,
				8459DDAD2A1E6C3D0006DEFC /* Main.storyboard in Resources */,
			);
			runOnlyForDeploymentPostprocessing = 0;
		};
/* End PBXResourcesBuildPhase section */

/* Begin PBXSourcesBuildPhase section */
		8459DD9E2A1E6C3D0006DEFC /* Sources */ = {
			isa = PBXSourcesBuildPhase;
			buildActionMask = 2147483647;
			files = (
				8459DDBD2A1EBF440006DEFC /* UserRequest.swift in Sources */,
				8459DDC92A1EC6810006DEFC /* ApiParser.swift in Sources */,
				8415A1182A2044EE007545AD /* AddProductViewController.swift in Sources */,
				8459DDAA2A1E6C3D0006DEFC /* ViewController.swift in Sources */,
				8459DDBF2A1EBF4F0006DEFC /* ProductList.swift in Sources */,
				84A8EA972A217CA60014C6CE /* UserInformation.swift in Sources */,
				8459DDCF2A1FB6C20006DEFC /* UserDefaultsManager.swift in Sources */,
				84A8EA952A2179690014C6CE /* UserRepository.swift in Sources */,
				8459DDDB2A1FECE50006DEFC /* HomeViewController.swift in Sources */,
				8459DDD72A1FD7AA0006DEFC /* AlertView.swift in Sources */,
				8459DDD52A1FCBF30006DEFC /* PasswordViewController.swift in Sources */,
				8415A1162A203B18007545AD /* EditInfoViewController.swift in Sources */,
				8459DDC72A1EC3EF0006DEFC /* ApiManagerDelegate.swift in Sources */,
				8459DDC52A1EC2CC0006DEFC /* ApiManager.swift in Sources */,
				8459DDA62A1E6C3D0006DEFC /* AppDelegate.swift in Sources */,
				8459DDA82A1E6C3D0006DEFC /* SceneDelegate.swift in Sources */,
				84A8EA992A218EBD0014C6CE /* SpinnerViewController.swift in Sources */,
				84A266292A200DA300E7B839 /* ErrorApi.swift in Sources */,
				84A8EA932A216AFD0014C6CE /* ProductListViewController.swift in Sources */,
				84A266222A200C5200E7B839 /* TimeResults.swift in Sources */,
				8459DDCD2A1FAD930006DEFC /* SessionManager.swift in Sources */,
				8459DDDD2A1FFAB10006DEFC /* InfoViewController.swift in Sources */,
				8459DDC22A1EC1440006DEFC /* UserResponse.swift in Sources */,
			);
			runOnlyForDeploymentPostprocessing = 0;
		};
/* End PBXSourcesBuildPhase section */

/* Begin PBXVariantGroup section */
		8459DDAB2A1E6C3D0006DEFC /* Main.storyboard */ = {
			isa = PBXVariantGroup;
			children = (
				8459DDAC2A1E6C3D0006DEFC /* Base */,
			);
			name = Main.storyboard;
			sourceTree = "<group>";
		};
		8459DDB02A1E6C3E0006DEFC /* LaunchScreen.storyboard */ = {
			isa = PBXVariantGroup;
			children = (
				8459DDB12A1E6C3E0006DEFC /* Base */,
			);
			name = LaunchScreen.storyboard;
			sourceTree = "<group>";
		};
/* End PBXVariantGroup section */

/* Begin XCBuildConfiguration section */
		8459DDB42A1E6C3F0006DEFC /* Debug */ = {
			isa = XCBuildConfiguration;
			buildSettings = {
				ALWAYS_SEARCH_USER_PATHS = NO;
				CLANG_ANALYZER_NONNULL = YES;
				CLANG_ANALYZER_NUMBER_OBJECT_CONVERSION = YES_AGGRESSIVE;
				CLANG_CXX_LANGUAGE_STANDARD = "gnu++20";
				CLANG_ENABLE_MODULES = YES;
				CLANG_ENABLE_OBJC_ARC = YES;
				CLANG_ENABLE_OBJC_WEAK = YES;
				CLANG_WARN_BLOCK_CAPTURE_AUTORELEASING = YES;
				CLANG_WARN_BOOL_CONVERSION = YES;
				CLANG_WARN_COMMA = YES;
				CLANG_WARN_CONSTANT_CONVERSION = YES;
				CLANG_WARN_DEPRECATED_OBJC_IMPLEMENTATIONS = YES;
				CLANG_WARN_DIRECT_OBJC_ISA_USAGE = YES_ERROR;
				CLANG_WARN_DOCUMENTATION_COMMENTS = YES;
				CLANG_WARN_EMPTY_BODY = YES;
				CLANG_WARN_ENUM_CONVERSION = YES;
				CLANG_WARN_INFINITE_RECURSION = YES;
				CLANG_WARN_INT_CONVERSION = YES;
				CLANG_WARN_NON_LITERAL_NULL_CONVERSION = YES;
				CLANG_WARN_OBJC_IMPLICIT_RETAIN_SELF = YES;
				CLANG_WARN_OBJC_LITERAL_CONVERSION = YES;
				CLANG_WARN_OBJC_ROOT_CLASS = YES_ERROR;
				CLANG_WARN_QUOTED_INCLUDE_IN_FRAMEWORK_HEADER = YES;
				CLANG_WARN_RANGE_LOOP_ANALYSIS = YES;
				CLANG_WARN_STRICT_PROTOTYPES = YES;
				CLANG_WARN_SUSPICIOUS_MOVE = YES;
				CLANG_WARN_UNGUARDED_AVAILABILITY = YES_AGGRESSIVE;
				CLANG_WARN_UNREACHABLE_CODE = YES;
				CLANG_WARN__DUPLICATE_METHOD_MATCH = YES;
				COPY_PHASE_STRIP = NO;
				DEBUG_INFORMATION_FORMAT = dwarf;
				ENABLE_STRICT_OBJC_MSGSEND = YES;
				ENABLE_TESTABILITY = YES;
				GCC_C_LANGUAGE_STANDARD = gnu11;
				GCC_DYNAMIC_NO_PIC = NO;
				GCC_NO_COMMON_BLOCKS = YES;
				GCC_OPTIMIZATION_LEVEL = 0;
				GCC_PREPROCESSOR_DEFINITIONS = (
					"DEBUG=1",
					"$(inherited)",
				);
				GCC_WARN_64_TO_32_BIT_CONVERSION = YES;
				GCC_WARN_ABOUT_RETURN_TYPE = YES_ERROR;
				GCC_WARN_UNDECLARED_SELECTOR = YES;
				GCC_WARN_UNINITIALIZED_AUTOS = YES_AGGRESSIVE;
				GCC_WARN_UNUSED_FUNCTION = YES;
				GCC_WARN_UNUSED_VARIABLE = YES;
				IPHONEOS_DEPLOYMENT_TARGET = 16.4;
				MTL_ENABLE_DEBUG_INFO = INCLUDE_SOURCE;
				MTL_FAST_MATH = YES;
				ONLY_ACTIVE_ARCH = YES;
				SDKROOT = iphoneos;
				SWIFT_ACTIVE_COMPILATION_CONDITIONS = DEBUG;
				SWIFT_OPTIMIZATION_LEVEL = "-Onone";
			};
			name = Debug;
		};
		8459DDB52A1E6C3F0006DEFC /* Release */ = {
			isa = XCBuildConfiguration;
			buildSettings = {
				ALWAYS_SEARCH_USER_PATHS = NO;
				CLANG_ANALYZER_NONNULL = YES;
				CLANG_ANALYZER_NUMBER_OBJECT_CONVERSION = YES_AGGRESSIVE;
				CLANG_CXX_LANGUAGE_STANDARD = "gnu++20";
				CLANG_ENABLE_MODULES = YES;
				CLANG_ENABLE_OBJC_ARC = YES;
				CLANG_ENABLE_OBJC_WEAK = YES;
				CLANG_WARN_BLOCK_CAPTURE_AUTORELEASING = YES;
				CLANG_WARN_BOOL_CONVERSION = YES;
				CLANG_WARN_COMMA = YES;
				CLANG_WARN_CONSTANT_CONVERSION = YES;
				CLANG_WARN_DEPRECATED_OBJC_IMPLEMENTATIONS = YES;
				CLANG_WARN_DIRECT_OBJC_ISA_USAGE = YES_ERROR;
				CLANG_WARN_DOCUMENTATION_COMMENTS = YES;
				CLANG_WARN_EMPTY_BODY = YES;
				CLANG_WARN_ENUM_CONVERSION = YES;
				CLANG_WARN_INFINITE_RECURSION = YES;
				CLANG_WARN_INT_CONVERSION = YES;
				CLANG_WARN_NON_LITERAL_NULL_CONVERSION = YES;
				CLANG_WARN_OBJC_IMPLICIT_RETAIN_SELF = YES;
				CLANG_WARN_OBJC_LITERAL_CONVERSION = YES;
				CLANG_WARN_OBJC_ROOT_CLASS = YES_ERROR;
				CLANG_WARN_QUOTED_INCLUDE_IN_FRAMEWORK_HEADER = YES;
				CLANG_WARN_RANGE_LOOP_ANALYSIS = YES;
				CLANG_WARN_STRICT_PROTOTYPES = YES;
				CLANG_WARN_SUSPICIOUS_MOVE = YES;
				CLANG_WARN_UNGUARDED_AVAILABILITY = YES_AGGRESSIVE;
				CLANG_WARN_UNREACHABLE_CODE = YES;
				CLANG_WARN__DUPLICATE_METHOD_MATCH = YES;
				COPY_PHASE_STRIP = NO;
				DEBUG_INFORMATION_FORMAT = "dwarf-with-dsym";
				ENABLE_NS_ASSERTIONS = NO;
				ENABLE_STRICT_OBJC_MSGSEND = YES;
				GCC_C_LANGUAGE_STANDARD = gnu11;
				GCC_NO_COMMON_BLOCKS = YES;
				GCC_WARN_64_TO_32_BIT_CONVERSION = YES;
				GCC_WARN_ABOUT_RETURN_TYPE = YES_ERROR;
				GCC_WARN_UNDECLARED_SELECTOR = YES;
				GCC_WARN_UNINITIALIZED_AUTOS = YES_AGGRESSIVE;
				GCC_WARN_UNUSED_FUNCTION = YES;
				GCC_WARN_UNUSED_VARIABLE = YES;
				IPHONEOS_DEPLOYMENT_TARGET = 16.4;
				MTL_ENABLE_DEBUG_INFO = NO;
				MTL_FAST_MATH = YES;
				SDKROOT = iphoneos;
				SWIFT_COMPILATION_MODE = wholemodule;
				SWIFT_OPTIMIZATION_LEVEL = "-O";
				VALIDATE_PRODUCT = YES;
			};
			name = Release;
		};
		8459DDB72A1E6C3F0006DEFC /* Debug */ = {
			isa = XCBuildConfiguration;
			buildSettings = {
				ASSETCATALOG_COMPILER_APPICON_NAME = AppIcon;
				ASSETCATALOG_COMPILER_GLOBAL_ACCENT_COLOR_NAME = AccentColor;
				CODE_SIGN_STYLE = Automatic;
				CURRENT_PROJECT_VERSION = 1;
				DEVELOPMENT_TEAM = 89359WKHFY;
				GENERATE_INFOPLIST_FILE = YES;
				INFOPLIST_FILE = "ios-exercise-2/Info.plist";
				INFOPLIST_KEY_UIApplicationSupportsIndirectInputEvents = YES;
				INFOPLIST_KEY_UILaunchStoryboardName = LaunchScreen;
				INFOPLIST_KEY_UIMainStoryboardFile = Main;
				INFOPLIST_KEY_UISupportedInterfaceOrientations_iPad = "UIInterfaceOrientationPortrait UIInterfaceOrientationPortraitUpsideDown UIInterfaceOrientationLandscapeLeft UIInterfaceOrientationLandscapeRight";
				INFOPLIST_KEY_UISupportedInterfaceOrientations_iPhone = "UIInterfaceOrientationPortrait UIInterfaceOrientationLandscapeLeft UIInterfaceOrientationLandscapeRight";
				IPHONEOS_DEPLOYMENT_TARGET = 15.0;
				LD_RUNPATH_SEARCH_PATHS = (
					"$(inherited)",
					"@executable_path/Frameworks",
				);
				MARKETING_VERSION = 1.0;
				PRODUCT_BUNDLE_IDENTIFIER = "com.test.app.ios-exercise-2";
				PRODUCT_NAME = "$(TARGET_NAME)";
				SWIFT_EMIT_LOC_STRINGS = YES;
				SWIFT_VERSION = 5.0;
				TARGETED_DEVICE_FAMILY = "1,2";
			};
			name = Debug;
		};
		8459DDB82A1E6C3F0006DEFC /* Release */ = {
			isa = XCBuildConfiguration;
			buildSettings = {
				ASSETCATALOG_COMPILER_APPICON_NAME = AppIcon;
				ASSETCATALOG_COMPILER_GLOBAL_ACCENT_COLOR_NAME = AccentColor;
				CODE_SIGN_STYLE = Automatic;
				CURRENT_PROJECT_VERSION = 1;
				DEVELOPMENT_TEAM = 89359WKHFY;
				GENERATE_INFOPLIST_FILE = YES;
				INFOPLIST_FILE = "ios-exercise-2/Info.plist";
				INFOPLIST_KEY_UIApplicationSupportsIndirectInputEvents = YES;
				INFOPLIST_KEY_UILaunchStoryboardName = LaunchScreen;
				INFOPLIST_KEY_UIMainStoryboardFile = Main;
				INFOPLIST_KEY_UISupportedInterfaceOrientations_iPad = "UIInterfaceOrientationPortrait UIInterfaceOrientationPortraitUpsideDown UIInterfaceOrientationLandscapeLeft UIInterfaceOrientationLandscapeRight";
				INFOPLIST_KEY_UISupportedInterfaceOrientations_iPhone = "UIInterfaceOrientationPortrait UIInterfaceOrientationLandscapeLeft UIInterfaceOrientationLandscapeRight";
				IPHONEOS_DEPLOYMENT_TARGET = 15.0;
				LD_RUNPATH_SEARCH_PATHS = (
					"$(inherited)",
					"@executable_path/Frameworks",
				);
				MARKETING_VERSION = 1.0;
				PRODUCT_BUNDLE_IDENTIFIER = "com.test.app.ios-exercise-2";
				PRODUCT_NAME = "$(TARGET_NAME)";
				SWIFT_EMIT_LOC_STRINGS = YES;
				SWIFT_VERSION = 5.0;
				TARGETED_DEVICE_FAMILY = "1,2";
			};
			name = Release;
		};
/* End XCBuildConfiguration section */

/* Begin XCConfigurationList section */
		8459DD9D2A1E6C3D0006DEFC /* Build configuration list for PBXProject "ios-exercise-2" */ = {
			isa = XCConfigurationList;
			buildConfigurations = (
				8459DDB42A1E6C3F0006DEFC /* Debug */,
				8459DDB52A1E6C3F0006DEFC /* Release */,
			);
			defaultConfigurationIsVisible = 0;
			defaultConfigurationName = Release;
		};
		8459DDB62A1E6C3F0006DEFC /* Build configuration list for PBXNativeTarget "ios-exercise-2" */ = {
			isa = XCConfigurationList;
			buildConfigurations = (
				8459DDB72A1E6C3F0006DEFC /* Debug */,
				8459DDB82A1E6C3F0006DEFC /* Release */,
			);
			defaultConfigurationIsVisible = 0;
			defaultConfigurationName = Release;
		};
/* End XCConfigurationList section */
	};
	rootObject = 8459DD9A2A1E6C3D0006DEFC /* Project object */;
}
