// !$*UTF8*$!
{
	archiveVersion = 1;
	classes = {
	};
	objectVersion = 56;
	objects = {

/* Begin PBXBuildFile section */
		0D0D1D2ADD63A2C319CD8BDF /* Pods_ios_exercise_2.framework in Frameworks */ = {isa = PBXBuildFile; fileRef = B95F37D1E937F4FA5080C658 /* Pods_ios_exercise_2.framework */; };
		8415A1162A203B18007545AD /* EditInfoViewController.swift in Sources */ = {isa = PBXBuildFile; fileRef = 8415A1152A203B18007545AD /* EditInfoViewController.swift */; };
		8415A1182A2044EE007545AD /* AddProductViewController.swift in Sources */ = {isa = PBXBuildFile; fileRef = 8415A1172A2044EE007545AD /* AddProductViewController.swift */; };
		8459DDA62A1E6C3D0006DEFC /* AppDelegate.swift in Sources */ = {isa = PBXBuildFile; fileRef = 8459DDA52A1E6C3D0006DEFC /* AppDelegate.swift */; };
		8459DDA82A1E6C3D0006DEFC /* SceneDelegate.swift in Sources */ = {isa = PBXBuildFile; fileRef = 8459DDA72A1E6C3D0006DEFC /* SceneDelegate.swift */; };
		8459DDAA2A1E6C3D0006DEFC /* ViewController.swift in Sources */ = {isa = PBXBuildFile; fileRef = 8459DDA92A1E6C3D0006DEFC /* ViewController.swift */; };
		8459DDAD2A1E6C3D0006DEFC /* Main.storyboard in Resources */ = {isa = PBXBuildFile; fileRef = 8459DDAB2A1E6C3D0006DEFC /* Main.storyboard */; };
		8459DDAF2A1E6C3E0006DEFC /* Assets.xcassets in Resources */ = {isa = PBXBuildFile; fileRef = 8459DDAE2A1E6C3E0006DEFC /* Assets.xcassets */; };
		8459DDB22A1E6C3E0006DEFC /* LaunchScreen.storyboard in Resources */ = {isa = PBXBuildFile; fileRef = 8459DDB02A1E6C3E0006DEFC /* LaunchScreen.storyboard */; };
		8459DDBD2A1EBF440006DEFC /* UserRequest.swift in Sources */ = {isa = PBXBuildFile; fileRef = 8459DDBC2A1EBF440006DEFC /* UserRequest.swift */; };
		8459DDBF2A1EBF4F0006DEFC /* ProductListResponse.swift in Sources */ = {isa = PBXBuildFile; fileRef = 8459DDBE2A1EBF4F0006DEFC /* ProductListResponse.swift */; };
		8459DDC22A1EC1440006DEFC /* UserResponse.swift in Sources */ = {isa = PBXBuildFile; fileRef = 8459DDC12A1EC1440006DEFC /* UserResponse.swift */; };
		8459DDC52A1EC2CC0006DEFC /* ApiManager.swift in Sources */ = {isa = PBXBuildFile; fileRef = 8459DDC42A1EC2CC0006DEFC /* ApiManager.swift */; };
		8459DDC72A1EC3EF0006DEFC /* ApiManagerDelegate.swift in Sources */ = {isa = PBXBuildFile; fileRef = 8459DDC62A1EC3EF0006DEFC /* ApiManagerDelegate.swift */; };
		8459DDC92A1EC6810006DEFC /* ApiParser.swift in Sources */ = {isa = PBXBuildFile; fileRef = 8459DDC82A1EC6800006DEFC /* ApiParser.swift */; };
		8459DDCD2A1FAD930006DEFC /* SessionManager.swift in Sources */ = {isa = PBXBuildFile; fileRef = 8459DDCC2A1FAD930006DEFC /* SessionManager.swift */; };
		8459DDCF2A1FB6C20006DEFC /* UserDefaultsManager.swift in Sources */ = {isa = PBXBuildFile; fileRef = 8459DDCE2A1FB6C20006DEFC /* UserDefaultsManager.swift */; };
		8459DDD52A1FCBF30006DEFC /* PasswordViewController.swift in Sources */ = {isa = PBXBuildFile; fileRef = 8459DDD42A1FCBF30006DEFC /* PasswordViewController.swift */; };
		8459DDD72A1FD7AA0006DEFC /* AlertView.swift in Sources */ = {isa = PBXBuildFile; fileRef = 8459DDD62A1FD7AA0006DEFC /* AlertView.swift */; };
		8459DDDB2A1FECE50006DEFC /* HomeViewController.swift in Sources */ = {isa = PBXBuildFile; fileRef = 8459DDDA2A1FECE50006DEFC /* HomeViewController.swift */; };
		8459DDDD2A1FFAB10006DEFC /* InfoViewController.swift in Sources */ = {isa = PBXBuildFile; fileRef = 8459DDDC2A1FFAB10006DEFC /* InfoViewController.swift */; };
		84A266222A200C5200E7B839 /* TimeResults.swift in Sources */ = {isa = PBXBuildFile; fileRef = 84A266212A200C5200E7B839 /* TimeResults.swift */; };
		84A266292A200DA300E7B839 /* ErrorApi.swift in Sources */ = {isa = PBXBuildFile; fileRef = 84A266282A200DA300E7B839 /* ErrorApi.swift */; };
		84A8EA932A216AFD0014C6CE /* ProductListViewController.swift in Sources */ = {isa = PBXBuildFile; fileRef = 84A8EA922A216AFD0014C6CE /* ProductListViewController.swift */; };
		84A8EA952A2179690014C6CE /* UserRepository.swift in Sources */ = {isa = PBXBuildFile; fileRef = 84A8EA942A2179690014C6CE /* UserRepository.swift */; };
		84A8EA972A217CA60014C6CE /* UserInformation.swift in Sources */ = {isa = PBXBuildFile; fileRef = 84A8EA962A217CA60014C6CE /* UserInformation.swift */; };
		84A8EA992A218EBD0014C6CE /* SpinnerViewController.swift in Sources */ = {isa = PBXBuildFile; fileRef = 84A8EA982A218EBD0014C6CE /* SpinnerViewController.swift */; };
		84A8EA9B2A2518080014C6CE /* TimeRepository.swift in Sources */ = {isa = PBXBuildFile; fileRef = 84A8EA9A2A2518080014C6CE /* TimeRepository.swift */; };
		84A8EA9D2A25184A0014C6CE /* ProductRepository.swift in Sources */ = {isa = PBXBuildFile; fileRef = 84A8EA9C2A25184A0014C6CE /* ProductRepository.swift */; };
		84A8EAA02A2537F30014C6CE /* ProductResponse.swift in Sources */ = {isa = PBXBuildFile; fileRef = 84A8EA9F2A2537F30014C6CE /* ProductResponse.swift */; };
		84A8EAA52A253A480014C6CE /* Date.swift in Sources */ = {isa = PBXBuildFile; fileRef = 84A8EAA42A253A480014C6CE /* Date.swift */; };
		84A8EAA72A264C310014C6CE /* Constants.swift in Sources */ = {isa = PBXBuildFile; fileRef = 84A8EAA62A264C310014C6CE /* Constants.swift */; };
		881FB12D2A4F4B4B00558ADB /* ProductInfo.swift in Sources */ = {isa = PBXBuildFile; fileRef = 881FB12C2A4F4B4B00558ADB /* ProductInfo.swift */; };
		881FB12F2A4F55B500558ADB /* String.swift in Sources */ = {isa = PBXBuildFile; fileRef = 881FB12E2A4F55B500558ADB /* String.swift */; };
		884E3B812BB36E81006FBBA0 /* ios_exercise_2Tests.swift in Sources */ = {isa = PBXBuildFile; fileRef = 884E3B802BB36E81006FBBA0 /* ios_exercise_2Tests.swift */; };
		884E3B892BB36F69006FBBA0 /* InlineSnapshotTesting in Frameworks */ = {isa = PBXBuildFile; productRef = 884E3B882BB36F69006FBBA0 /* InlineSnapshotTesting */; };
		884E3B8B2BB36F69006FBBA0 /* SnapshotTesting in Frameworks */ = {isa = PBXBuildFile; productRef = 884E3B8A2BB36F69006FBBA0 /* SnapshotTesting */; };
		884E3B8D2BB37605006FBBA0 /* UIViewControllerExtension.swift in Sources */ = {isa = PBXBuildFile; fileRef = 884E3B8C2BB37605006FBBA0 /* UIViewControllerExtension.swift */; };
		886E31E72BAA1B9600188DF7 /* AuthTokenInterceptor.swift in Sources */ = {isa = PBXBuildFile; fileRef = 886E31E62BAA1B9600188DF7 /* AuthTokenInterceptor.swift */; };
		886E31E92BAA248400188DF7 /* RefreshTokenInterceptor.swift in Sources */ = {isa = PBXBuildFile; fileRef = 886E31E82BAA248400188DF7 /* RefreshTokenInterceptor.swift */; };
		886E31EC2BAA291400188DF7 /* OAuthConstraint.swift in Sources */ = {isa = PBXBuildFile; fileRef = 886E31EB2BAA291400188DF7 /* OAuthConstraint.swift */; };
		88807BDF2BB1FE5D007ED521 /* ios_exercise_2UITests.swift in Sources */ = {isa = PBXBuildFile; fileRef = 88807BDE2BB1FE5D007ED521 /* ios_exercise_2UITests.swift */; };
		88807BE82BB20E02007ED521 /* TestValues.swift in Sources */ = {isa = PBXBuildFile; fileRef = 88807BE72BB20E02007ED521 /* TestValues.swift */; };
		88F76A8A2A53412500F0640B /* MyError.swift in Sources */ = {isa = PBXBuildFile; fileRef = 88F76A892A53412500F0640B /* MyError.swift */; };
		88F76A8D2A53519B00F0640B /* Guards.swift in Sources */ = {isa = PBXBuildFile; fileRef = 88F76A8C2A53519B00F0640B /* Guards.swift */; };
		88F76A8F2A5352EB00F0640B /* UserInfo.swift in Sources */ = {isa = PBXBuildFile; fileRef = 88F76A8E2A5352EB00F0640B /* UserInfo.swift */; };
		88F76A912A53623A00F0640B /* ApiManagerSwifty.swift in Sources */ = {isa = PBXBuildFile; fileRef = 88F76A902A53623A00F0640B /* ApiManagerSwifty.swift */; };
		88F76A952A5375AA00F0640B /* ApiManagerTimeSwifty.swift in Sources */ = {isa = PBXBuildFile; fileRef = 88F76A942A5375AA00F0640B /* ApiManagerTimeSwifty.swift */; };
/* End PBXBuildFile section */

/* Begin PBXContainerItemProxy section */
		884E3B822BB36E81006FBBA0 /* PBXContainerItemProxy */ = {
			isa = PBXContainerItemProxy;
			containerPortal = 8459DD9A2A1E6C3D0006DEFC /* Project object */;
			proxyType = 1;
			remoteGlobalIDString = 8459DDA12A1E6C3D0006DEFC;
			remoteInfo = "ios-exercise-2";
		};
		88807BE22BB1FE5D007ED521 /* PBXContainerItemProxy */ = {
			isa = PBXContainerItemProxy;
			containerPortal = 8459DD9A2A1E6C3D0006DEFC /* Project object */;
			proxyType = 1;
			remoteGlobalIDString = 8459DDA12A1E6C3D0006DEFC;
			remoteInfo = "ios-exercise-2";
		};
/* End PBXContainerItemProxy section */

/* Begin PBXFileReference section */
		50D9256DF1266D2874173D77 /* Pods-ios-exercise-2.release.xcconfig */ = {isa = PBXFileReference; includeInIndex = 1; lastKnownFileType = text.xcconfig; name = "Pods-ios-exercise-2.release.xcconfig"; path = "Target Support Files/Pods-ios-exercise-2/Pods-ios-exercise-2.release.xcconfig"; sourceTree = "<group>"; };
		8415A1152A203B18007545AD /* EditInfoViewController.swift */ = {isa = PBXFileReference; lastKnownFileType = sourcecode.swift; path = EditInfoViewController.swift; sourceTree = "<group>"; };
		8415A1172A2044EE007545AD /* AddProductViewController.swift */ = {isa = PBXFileReference; lastKnownFileType = sourcecode.swift; path = AddProductViewController.swift; sourceTree = "<group>"; };
		8459DDA22A1E6C3D0006DEFC /* ios-exercise-2.app */ = {isa = PBXFileReference; explicitFileType = wrapper.application; includeInIndex = 0; path = "ios-exercise-2.app"; sourceTree = BUILT_PRODUCTS_DIR; };
		8459DDA52A1E6C3D0006DEFC /* AppDelegate.swift */ = {isa = PBXFileReference; lastKnownFileType = sourcecode.swift; path = AppDelegate.swift; sourceTree = "<group>"; };
		8459DDA72A1E6C3D0006DEFC /* SceneDelegate.swift */ = {isa = PBXFileReference; lastKnownFileType = sourcecode.swift; path = SceneDelegate.swift; sourceTree = "<group>"; };
		8459DDA92A1E6C3D0006DEFC /* ViewController.swift */ = {isa = PBXFileReference; lastKnownFileType = sourcecode.swift; path = ViewController.swift; sourceTree = "<group>"; };
		8459DDAC2A1E6C3D0006DEFC /* Base */ = {isa = PBXFileReference; lastKnownFileType = file.storyboard; name = Base; path = Base.lproj/Main.storyboard; sourceTree = "<group>"; };
		8459DDAE2A1E6C3E0006DEFC /* Assets.xcassets */ = {isa = PBXFileReference; lastKnownFileType = folder.assetcatalog; path = Assets.xcassets; sourceTree = "<group>"; };
		8459DDB12A1E6C3E0006DEFC /* Base */ = {isa = PBXFileReference; lastKnownFileType = file.storyboard; name = Base; path = Base.lproj/LaunchScreen.storyboard; sourceTree = "<group>"; };
		8459DDB32A1E6C3E0006DEFC /* Info.plist */ = {isa = PBXFileReference; lastKnownFileType = text.plist.xml; path = Info.plist; sourceTree = "<group>"; };
		8459DDBC2A1EBF440006DEFC /* UserRequest.swift */ = {isa = PBXFileReference; lastKnownFileType = sourcecode.swift; path = UserRequest.swift; sourceTree = "<group>"; };
		8459DDBE2A1EBF4F0006DEFC /* ProductListResponse.swift */ = {isa = PBXFileReference; lastKnownFileType = sourcecode.swift; path = ProductListResponse.swift; sourceTree = "<group>"; };
		8459DDC12A1EC1440006DEFC /* UserResponse.swift */ = {isa = PBXFileReference; lastKnownFileType = sourcecode.swift; path = UserResponse.swift; sourceTree = "<group>"; };
		8459DDC42A1EC2CC0006DEFC /* ApiManager.swift */ = {isa = PBXFileReference; lastKnownFileType = sourcecode.swift; path = ApiManager.swift; sourceTree = "<group>"; };
		8459DDC62A1EC3EF0006DEFC /* ApiManagerDelegate.swift */ = {isa = PBXFileReference; lastKnownFileType = sourcecode.swift; path = ApiManagerDelegate.swift; sourceTree = "<group>"; };
		8459DDC82A1EC6800006DEFC /* ApiParser.swift */ = {isa = PBXFileReference; lastKnownFileType = sourcecode.swift; path = ApiParser.swift; sourceTree = "<group>"; };
		8459DDCC2A1FAD930006DEFC /* SessionManager.swift */ = {isa = PBXFileReference; lastKnownFileType = sourcecode.swift; path = SessionManager.swift; sourceTree = "<group>"; };
		8459DDCE2A1FB6C20006DEFC /* UserDefaultsManager.swift */ = {isa = PBXFileReference; lastKnownFileType = sourcecode.swift; path = UserDefaultsManager.swift; sourceTree = "<group>"; };
		8459DDD42A1FCBF30006DEFC /* PasswordViewController.swift */ = {isa = PBXFileReference; lastKnownFileType = sourcecode.swift; path = PasswordViewController.swift; sourceTree = "<group>"; };
		8459DDD62A1FD7AA0006DEFC /* AlertView.swift */ = {isa = PBXFileReference; lastKnownFileType = sourcecode.swift; path = AlertView.swift; sourceTree = "<group>"; };
		8459DDDA2A1FECE50006DEFC /* HomeViewController.swift */ = {isa = PBXFileReference; lastKnownFileType = sourcecode.swift; path = HomeViewController.swift; sourceTree = "<group>"; };
		8459DDDC2A1FFAB10006DEFC /* InfoViewController.swift */ = {isa = PBXFileReference; lastKnownFileType = sourcecode.swift; path = InfoViewController.swift; sourceTree = "<group>"; };
		84A266212A200C5200E7B839 /* TimeResults.swift */ = {isa = PBXFileReference; lastKnownFileType = sourcecode.swift; path = TimeResults.swift; sourceTree = "<group>"; };
		84A266282A200DA300E7B839 /* ErrorApi.swift */ = {isa = PBXFileReference; lastKnownFileType = sourcecode.swift; path = ErrorApi.swift; sourceTree = "<group>"; };
		84A8EA922A216AFD0014C6CE /* ProductListViewController.swift */ = {isa = PBXFileReference; lastKnownFileType = sourcecode.swift; path = ProductListViewController.swift; sourceTree = "<group>"; };
		84A8EA942A2179690014C6CE /* UserRepository.swift */ = {isa = PBXFileReference; lastKnownFileType = sourcecode.swift; path = UserRepository.swift; sourceTree = "<group>"; };
		84A8EA962A217CA60014C6CE /* UserInformation.swift */ = {isa = PBXFileReference; lastKnownFileType = sourcecode.swift; path = UserInformation.swift; sourceTree = "<group>"; };
		84A8EA982A218EBD0014C6CE /* SpinnerViewController.swift */ = {isa = PBXFileReference; lastKnownFileType = sourcecode.swift; path = SpinnerViewController.swift; sourceTree = "<group>"; };
		84A8EA9A2A2518080014C6CE /* TimeRepository.swift */ = {isa = PBXFileReference; lastKnownFileType = sourcecode.swift; path = TimeRepository.swift; sourceTree = "<group>"; };
		84A8EA9C2A25184A0014C6CE /* ProductRepository.swift */ = {isa = PBXFileReference; lastKnownFileType = sourcecode.swift; path = ProductRepository.swift; sourceTree = "<group>"; };
		84A8EA9F2A2537F30014C6CE /* ProductResponse.swift */ = {isa = PBXFileReference; lastKnownFileType = sourcecode.swift; path = ProductResponse.swift; sourceTree = "<group>"; };
		84A8EAA42A253A480014C6CE /* Date.swift */ = {isa = PBXFileReference; lastKnownFileType = sourcecode.swift; path = Date.swift; sourceTree = "<group>"; };
		84A8EAA62A264C310014C6CE /* Constants.swift */ = {isa = PBXFileReference; lastKnownFileType = sourcecode.swift; path = Constants.swift; sourceTree = "<group>"; };
		881FB12C2A4F4B4B00558ADB /* ProductInfo.swift */ = {isa = PBXFileReference; lastKnownFileType = sourcecode.swift; path = ProductInfo.swift; sourceTree = "<group>"; };
		881FB12E2A4F55B500558ADB /* String.swift */ = {isa = PBXFileReference; lastKnownFileType = sourcecode.swift; path = String.swift; sourceTree = "<group>"; };
		884E3B7E2BB36E81006FBBA0 /* ios-exercise-2Tests.xctest */ = {isa = PBXFileReference; explicitFileType = wrapper.cfbundle; includeInIndex = 0; path = "ios-exercise-2Tests.xctest"; sourceTree = BUILT_PRODUCTS_DIR; };
		884E3B802BB36E81006FBBA0 /* ios_exercise_2Tests.swift */ = {isa = PBXFileReference; lastKnownFileType = sourcecode.swift; path = ios_exercise_2Tests.swift; sourceTree = "<group>"; };
		884E3B8C2BB37605006FBBA0 /* UIViewControllerExtension.swift */ = {isa = PBXFileReference; lastKnownFileType = sourcecode.swift; path = UIViewControllerExtension.swift; sourceTree = "<group>"; };
		886E31E62BAA1B9600188DF7 /* AuthTokenInterceptor.swift */ = {isa = PBXFileReference; lastKnownFileType = sourcecode.swift; path = AuthTokenInterceptor.swift; sourceTree = "<group>"; };
		886E31E82BAA248400188DF7 /* RefreshTokenInterceptor.swift */ = {isa = PBXFileReference; lastKnownFileType = sourcecode.swift; path = RefreshTokenInterceptor.swift; sourceTree = "<group>"; };
		886E31EB2BAA291400188DF7 /* OAuthConstraint.swift */ = {isa = PBXFileReference; lastKnownFileType = sourcecode.swift; path = OAuthConstraint.swift; sourceTree = "<group>"; };
		88807BDC2BB1FE5D007ED521 /* ios-exercise-2UITests.xctest */ = {isa = PBXFileReference; explicitFileType = wrapper.cfbundle; includeInIndex = 0; path = "ios-exercise-2UITests.xctest"; sourceTree = BUILT_PRODUCTS_DIR; };
		88807BDE2BB1FE5D007ED521 /* ios_exercise_2UITests.swift */ = {isa = PBXFileReference; lastKnownFileType = sourcecode.swift; path = ios_exercise_2UITests.swift; sourceTree = "<group>"; };
		88807BE72BB20E02007ED521 /* TestValues.swift */ = {isa = PBXFileReference; lastKnownFileType = sourcecode.swift; path = TestValues.swift; sourceTree = "<group>"; };
		88F76A892A53412500F0640B /* MyError.swift */ = {isa = PBXFileReference; lastKnownFileType = sourcecode.swift; path = MyError.swift; sourceTree = "<group>"; };
		88F76A8C2A53519B00F0640B /* Guards.swift */ = {isa = PBXFileReference; lastKnownFileType = sourcecode.swift; path = Guards.swift; sourceTree = "<group>"; };
		88F76A8E2A5352EB00F0640B /* UserInfo.swift */ = {isa = PBXFileReference; lastKnownFileType = sourcecode.swift; path = UserInfo.swift; sourceTree = "<group>"; };
		88F76A902A53623A00F0640B /* ApiManagerSwifty.swift */ = {isa = PBXFileReference; lastKnownFileType = sourcecode.swift; path = ApiManagerSwifty.swift; sourceTree = "<group>"; };
		88F76A942A5375AA00F0640B /* ApiManagerTimeSwifty.swift */ = {isa = PBXFileReference; lastKnownFileType = sourcecode.swift; path = ApiManagerTimeSwifty.swift; sourceTree = "<group>"; };
		B95F37D1E937F4FA5080C658 /* Pods_ios_exercise_2.framework */ = {isa = PBXFileReference; explicitFileType = wrapper.framework; includeInIndex = 0; path = Pods_ios_exercise_2.framework; sourceTree = BUILT_PRODUCTS_DIR; };
		CFBCF01ACC05B3733BDD6170 /* Pods-ios-exercise-2.debug.xcconfig */ = {isa = PBXFileReference; includeInIndex = 1; lastKnownFileType = text.xcconfig; name = "Pods-ios-exercise-2.debug.xcconfig"; path = "Target Support Files/Pods-ios-exercise-2/Pods-ios-exercise-2.debug.xcconfig"; sourceTree = "<group>"; };
/* End PBXFileReference section */

/* Begin PBXFrameworksBuildPhase section */
		8459DD9F2A1E6C3D0006DEFC /* Frameworks */ = {
			isa = PBXFrameworksBuildPhase;
			buildActionMask = 2147483647;
			files = (
				0D0D1D2ADD63A2C319CD8BDF /* Pods_ios_exercise_2.framework in Frameworks */,
			);
			runOnlyForDeploymentPostprocessing = 0;
		};
		884E3B7B2BB36E81006FBBA0 /* Frameworks */ = {
			isa = PBXFrameworksBuildPhase;
			buildActionMask = 2147483647;
			files = (
				884E3B892BB36F69006FBBA0 /* InlineSnapshotTesting in Frameworks */,
				884E3B8B2BB36F69006FBBA0 /* SnapshotTesting in Frameworks */,
			);
			runOnlyForDeploymentPostprocessing = 0;
		};
		88807BD92BB1FE5D007ED521 /* Frameworks */ = {
			isa = PBXFrameworksBuildPhase;
			buildActionMask = 2147483647;
			files = (
			);
			runOnlyForDeploymentPostprocessing = 0;
		};
/* End PBXFrameworksBuildPhase section */

/* Begin PBXGroup section */
		3436257EE15B199FBFEC31B4 /* Frameworks */ = {
			isa = PBXGroup;
			children = (
				B95F37D1E937F4FA5080C658 /* Pods_ios_exercise_2.framework */,
			);
			name = Frameworks;
			sourceTree = "<group>";
		};
		572C321680FA81456732791D /* Pods */ = {
			isa = PBXGroup;
			children = (
				CFBCF01ACC05B3733BDD6170 /* Pods-ios-exercise-2.debug.xcconfig */,
				50D9256DF1266D2874173D77 /* Pods-ios-exercise-2.release.xcconfig */,
			);
			path = Pods;
			sourceTree = "<group>";
		};
		8459DD992A1E6C3D0006DEFC = {
			isa = PBXGroup;
			children = (
				8459DDA42A1E6C3D0006DEFC /* ios-exercise-2 */,
				88807BDD2BB1FE5D007ED521 /* ios-exercise-2UITests */,
				884E3B7F2BB36E81006FBBA0 /* ios-exercise-2Tests */,
				8459DDA32A1E6C3D0006DEFC /* Products */,
				572C321680FA81456732791D /* Pods */,
				3436257EE15B199FBFEC31B4 /* Frameworks */,
			);
			sourceTree = "<group>";
		};
		8459DDA32A1E6C3D0006DEFC /* Products */ = {
			isa = PBXGroup;
			children = (
				8459DDA22A1E6C3D0006DEFC /* ios-exercise-2.app */,
				88807BDC2BB1FE5D007ED521 /* ios-exercise-2UITests.xctest */,
				884E3B7E2BB36E81006FBBA0 /* ios-exercise-2Tests.xctest */,
			);
			name = Products;
			sourceTree = "<group>";
		};
		8459DDA42A1E6C3D0006DEFC /* ios-exercise-2 */ = {
			isa = PBXGroup;
			children = (
				8459DDA52A1E6C3D0006DEFC /* AppDelegate.swift */,
				8459DDA72A1E6C3D0006DEFC /* SceneDelegate.swift */,
				8459DDBB2A1E71A90006DEFC /* Models */,
				8459DDB92A1E6EB30006DEFC /* Controller */,
				8459DDBA2A1E6EBD0006DEFC /* View */,
				8459DDAE2A1E6C3E0006DEFC /* Assets.xcassets */,
				8459DDB02A1E6C3E0006DEFC /* LaunchScreen.storyboard */,
				8459DDB32A1E6C3E0006DEFC /* Info.plist */,
			);
			path = "ios-exercise-2";
			sourceTree = "<group>";
		};
		8459DDB92A1E6EB30006DEFC /* Controller */ = {
			isa = PBXGroup;
			children = (
				84A266272A200D1300E7B839 /* Home */,
				84A266262A200CFF00E7B839 /* Auth */,
				8459DDD62A1FD7AA0006DEFC /* AlertView.swift */,
				84A8EA982A218EBD0014C6CE /* SpinnerViewController.swift */,
			);
			path = Controller;
			sourceTree = "<group>";
		};
		8459DDBA2A1E6EBD0006DEFC /* View */ = {
			isa = PBXGroup;
			children = (
				8459DDAB2A1E6C3D0006DEFC /* Main.storyboard */,
			);
			path = View;
			sourceTree = "<group>";
		};
		8459DDBB2A1E71A90006DEFC /* Models */ = {
			isa = PBXGroup;
			children = (
				88F76A8B2A53518500F0640B /* Guards */,
				84A8EAA32A253A310014C6CE /* Extensions */,
				84A8EAA22A2539590014C6CE /* Persistence */,
				84A266232A200C9900E7B839 /* ApiModels */,
				84A8EAA12A25392B0014C6CE /* Network */,
				8459DDCB2A1FAD790006DEFC /* Session */,
				84A8EAA62A264C310014C6CE /* Constants.swift */,
			);
			path = Models;
			sourceTree = "<group>";
		};
		8459DDC02A1EC1330006DEFC /* User */ = {
			isa = PBXGroup;
			children = (
				8459DDBC2A1EBF440006DEFC /* UserRequest.swift */,
				8459DDC12A1EC1440006DEFC /* UserResponse.swift */,
				84A8EA962A217CA60014C6CE /* UserInformation.swift */,
				88F76A8E2A5352EB00F0640B /* UserInfo.swift */,
			);
			path = User;
			sourceTree = "<group>";
		};
		8459DDC32A1EC2240006DEFC /* Product */ = {
			isa = PBXGroup;
			children = (
				8459DDBE2A1EBF4F0006DEFC /* ProductListResponse.swift */,
				84A8EA9F2A2537F30014C6CE /* ProductResponse.swift */,
				881FB12C2A4F4B4B00558ADB /* ProductInfo.swift */,
			);
			path = Product;
			sourceTree = "<group>";
		};
		8459DDCA2A1FAD5D0006DEFC /* ApiManager */ = {
			isa = PBXGroup;
			children = (
				8459DDC82A1EC6800006DEFC /* ApiParser.swift */,
				8459DDC62A1EC3EF0006DEFC /* ApiManagerDelegate.swift */,
				8459DDC42A1EC2CC0006DEFC /* ApiManager.swift */,
				88F76A902A53623A00F0640B /* ApiManagerSwifty.swift */,
				88F76A942A5375AA00F0640B /* ApiManagerTimeSwifty.swift */,
			);
			path = ApiManager;
			sourceTree = "<group>";
		};
		8459DDCB2A1FAD790006DEFC /* Session */ = {
			isa = PBXGroup;
			children = (
				8459DDCC2A1FAD930006DEFC /* SessionManager.swift */,
			);
			path = Session;
			sourceTree = "<group>";
		};
		84A266202A200C4100E7B839 /* Time */ = {
			isa = PBXGroup;
			children = (
				84A266212A200C5200E7B839 /* TimeResults.swift */,
			);
			path = Time;
			sourceTree = "<group>";
		};
		84A266232A200C9900E7B839 /* ApiModels */ = {
			isa = PBXGroup;
			children = (
				84A266242A200CCC00E7B839 /* Errors */,
				8459DDC32A1EC2240006DEFC /* Product */,
				84A266202A200C4100E7B839 /* Time */,
				8459DDC02A1EC1330006DEFC /* User */,
			);
			path = ApiModels;
			sourceTree = "<group>";
		};
		84A266242A200CCC00E7B839 /* Errors */ = {
			isa = PBXGroup;
			children = (
				84A266282A200DA300E7B839 /* ErrorApi.swift */,
				88F76A892A53412500F0640B /* MyError.swift */,
			);
			path = Errors;
			sourceTree = "<group>";
		};
		84A266262A200CFF00E7B839 /* Auth */ = {
			isa = PBXGroup;
			children = (
				8459DDA92A1E6C3D0006DEFC /* ViewController.swift */,
				8459DDD42A1FCBF30006DEFC /* PasswordViewController.swift */,
			);
			path = Auth;
			sourceTree = "<group>";
		};
		84A266272A200D1300E7B839 /* Home */ = {
			isa = PBXGroup;
			children = (
				84A8EA902A216ABF0014C6CE /* Product */,
				84A8EA912A216AD10014C6CE /* Information */,
				8459DDDA2A1FECE50006DEFC /* HomeViewController.swift */,
			);
			path = Home;
			sourceTree = "<group>";
		};
		84A8EA902A216ABF0014C6CE /* Product */ = {
			isa = PBXGroup;
			children = (
				84A8EA922A216AFD0014C6CE /* ProductListViewController.swift */,
				8415A1172A2044EE007545AD /* AddProductViewController.swift */,
			);
			path = Product;
			sourceTree = "<group>";
		};
		84A8EA912A216AD10014C6CE /* Information */ = {
			isa = PBXGroup;
			children = (
				8415A1152A203B18007545AD /* EditInfoViewController.swift */,
				8459DDDC2A1FFAB10006DEFC /* InfoViewController.swift */,
			);
			path = Information;
			sourceTree = "<group>";
		};
		84A8EA9E2A2518E90014C6CE /* Repositories */ = {
			isa = PBXGroup;
			children = (
				84A8EA9A2A2518080014C6CE /* TimeRepository.swift */,
				84A8EA9C2A25184A0014C6CE /* ProductRepository.swift */,
				84A8EA942A2179690014C6CE /* UserRepository.swift */,
			);
			path = Repositories;
			sourceTree = "<group>";
		};
		84A8EAA12A25392B0014C6CE /* Network */ = {
			isa = PBXGroup;
			children = (
				886E31EA2BAA28F900188DF7 /* Constraints */,
				886E31E52BAA1B3900188DF7 /* Interceptors */,
				84A8EA9E2A2518E90014C6CE /* Repositories */,
				8459DDCA2A1FAD5D0006DEFC /* ApiManager */,
			);
			path = Network;
			sourceTree = "<group>";
		};
		84A8EAA22A2539590014C6CE /* Persistence */ = {
			isa = PBXGroup;
			children = (
				8459DDCE2A1FB6C20006DEFC /* UserDefaultsManager.swift */,
			);
			path = Persistence;
			sourceTree = "<group>";
		};
		84A8EAA32A253A310014C6CE /* Extensions */ = {
			isa = PBXGroup;
			children = (
				84A8EAA42A253A480014C6CE /* Date.swift */,
				881FB12E2A4F55B500558ADB /* String.swift */,
			);
			path = Extensions;
			sourceTree = "<group>";
		};
		884E3B7F2BB36E81006FBBA0 /* ios-exercise-2Tests */ = {
			isa = PBXGroup;
			children = (
				884E3B802BB36E81006FBBA0 /* ios_exercise_2Tests.swift */,
				884E3B8C2BB37605006FBBA0 /* UIViewControllerExtension.swift */,
			);
			path = "ios-exercise-2Tests";
			sourceTree = "<group>";
		};
		886E31E52BAA1B3900188DF7 /* Interceptors */ = {
			isa = PBXGroup;
			children = (
				886E31E62BAA1B9600188DF7 /* AuthTokenInterceptor.swift */,
				886E31E82BAA248400188DF7 /* RefreshTokenInterceptor.swift */,
			);
			path = Interceptors;
			sourceTree = "<group>";
		};
		886E31EA2BAA28F900188DF7 /* Constraints */ = {
			isa = PBXGroup;
			children = (
				886E31EB2BAA291400188DF7 /* OAuthConstraint.swift */,
			);
			path = Constraints;
			sourceTree = "<group>";
		};
		88807BDD2BB1FE5D007ED521 /* ios-exercise-2UITests */ = {
			isa = PBXGroup;
			children = (
				88807BE72BB20E02007ED521 /* TestValues.swift */,
				88807BDE2BB1FE5D007ED521 /* ios_exercise_2UITests.swift */,
			);
			path = "ios-exercise-2UITests";
			sourceTree = "<group>";
		};
		88F76A8B2A53518500F0640B /* Guards */ = {
			isa = PBXGroup;
			children = (
				88F76A8C2A53519B00F0640B /* Guards.swift */,
			);
			path = Guards;
			sourceTree = "<group>";
		};
/* End PBXGroup section */

/* Begin PBXNativeTarget section */
		8459DDA12A1E6C3D0006DEFC /* ios-exercise-2 */ = {
			isa = PBXNativeTarget;
			buildConfigurationList = 8459DDB62A1E6C3F0006DEFC /* Build configuration list for PBXNativeTarget "ios-exercise-2" */;
			buildPhases = (
				4AD0082B6C6D97464CD2A520 /* [CP] Check Pods Manifest.lock */,
				8459DD9E2A1E6C3D0006DEFC /* Sources */,
				8459DD9F2A1E6C3D0006DEFC /* Frameworks */,
				8459DDA02A1E6C3D0006DEFC /* Resources */,
				FE9D2DB60BC21795F38ABFF1 /* [CP] Embed Pods Frameworks */,
			);
			buildRules = (
			);
			dependencies = (
			);
			name = "ios-exercise-2";
			productName = "ios-exercise-2";
			productReference = 8459DDA22A1E6C3D0006DEFC /* ios-exercise-2.app */;
			productType = "com.apple.product-type.application";
		};
		884E3B7D2BB36E81006FBBA0 /* ios-exercise-2Tests */ = {
			isa = PBXNativeTarget;
			buildConfigurationList = 884E3B862BB36E81006FBBA0 /* Build configuration list for PBXNativeTarget "ios-exercise-2Tests" */;
			buildPhases = (
				884E3B7A2BB36E81006FBBA0 /* Sources */,
				884E3B7B2BB36E81006FBBA0 /* Frameworks */,
				884E3B7C2BB36E81006FBBA0 /* Resources */,
			);
			buildRules = (
			);
			dependencies = (
				884E3B832BB36E81006FBBA0 /* PBXTargetDependency */,
			);
			name = "ios-exercise-2Tests";
			packageProductDependencies = (
				884E3B882BB36F69006FBBA0 /* InlineSnapshotTesting */,
				884E3B8A2BB36F69006FBBA0 /* SnapshotTesting */,
			);
			productName = "ios-exercise-2Tests";
			productReference = 884E3B7E2BB36E81006FBBA0 /* ios-exercise-2Tests.xctest */;
			productType = "com.apple.product-type.bundle.unit-test";
		};
		88807BDB2BB1FE5D007ED521 /* ios-exercise-2UITests */ = {
			isa = PBXNativeTarget;
			buildConfigurationList = 88807BE62BB1FE5D007ED521 /* Build configuration list for PBXNativeTarget "ios-exercise-2UITests" */;
			buildPhases = (
				88807BD82BB1FE5D007ED521 /* Sources */,
				88807BD92BB1FE5D007ED521 /* Frameworks */,
				88807BDA2BB1FE5D007ED521 /* Resources */,
			);
			buildRules = (
			);
			dependencies = (
				88807BE32BB1FE5D007ED521 /* PBXTargetDependency */,
			);
			name = "ios-exercise-2UITests";
			productName = "ios-exercise-2UITests";
			productReference = 88807BDC2BB1FE5D007ED521 /* ios-exercise-2UITests.xctest */;
			productType = "com.apple.product-type.bundle.ui-testing";
		};
/* End PBXNativeTarget section */

/* Begin PBXProject section */
		8459DD9A2A1E6C3D0006DEFC /* Project object */ = {
			isa = PBXProject;
			attributes = {
				BuildIndependentTargetsInParallel = 1;
				LastSwiftUpdateCheck = 1510;
				LastUpgradeCheck = 1430;
				TargetAttributes = {
					8459DDA12A1E6C3D0006DEFC = {
						CreatedOnToolsVersion = 14.3;
					};
					884E3B7D2BB36E81006FBBA0 = {
						CreatedOnToolsVersion = 15.1;
						TestTargetID = 8459DDA12A1E6C3D0006DEFC;
					};
					88807BDB2BB1FE5D007ED521 = {
						CreatedOnToolsVersion = 15.1;
						TestTargetID = 8459DDA12A1E6C3D0006DEFC;
					};
				};
			};
			buildConfigurationList = 8459DD9D2A1E6C3D0006DEFC /* Build configuration list for PBXProject "ios-exercise-2" */;
			compatibilityVersion = "Xcode 14.0";
			developmentRegion = en;
			hasScannedForEncodings = 0;
			knownRegions = (
				en,
				Base,
			);
			mainGroup = 8459DD992A1E6C3D0006DEFC;
			packageReferences = (
				884E3B872BB36F69006FBBA0 /* XCRemoteSwiftPackageReference "swift-snapshot-testing" */,
			);
			productRefGroup = 8459DDA32A1E6C3D0006DEFC /* Products */;
			projectDirPath = "";
			projectRoot = "";
			targets = (
				8459DDA12A1E6C3D0006DEFC /* ios-exercise-2 */,
				88807BDB2BB1FE5D007ED521 /* ios-exercise-2UITests */,
				884E3B7D2BB36E81006FBBA0 /* ios-exercise-2Tests */,
			);
		};
/* End PBXProject section */

/* Begin PBXResourcesBuildPhase section */
		8459DDA02A1E6C3D0006DEFC /* Resources */ = {
			isa = PBXResourcesBuildPhase;
			buildActionMask = 2147483647;
			files = (
				8459DDB22A1E6C3E0006DEFC /* LaunchScreen.storyboard in Resources */,
				8459DDAF2A1E6C3E0006DEFC /* Assets.xcassets in Resources */,
				8459DDAD2A1E6C3D0006DEFC /* Main.storyboard in Resources */,
			);
			runOnlyForDeploymentPostprocessing = 0;
		};
		884E3B7C2BB36E81006FBBA0 /* Resources */ = {
			isa = PBXResourcesBuildPhase;
			buildActionMask = 2147483647;
			files = (
			);
			runOnlyForDeploymentPostprocessing = 0;
		};
		88807BDA2BB1FE5D007ED521 /* Resources */ = {
			isa = PBXResourcesBuildPhase;
			buildActionMask = 2147483647;
			files = (
			);
			runOnlyForDeploymentPostprocessing = 0;
		};
/* End PBXResourcesBuildPhase section */

/* Begin PBXShellScriptBuildPhase section */
		4AD0082B6C6D97464CD2A520 /* [CP] Check Pods Manifest.lock */ = {
			isa = PBXShellScriptBuildPhase;
			buildActionMask = 2147483647;
			files = (
			);
			inputFileListPaths = (
			);
			inputPaths = (
				"${PODS_PODFILE_DIR_PATH}/Podfile.lock",
				"${PODS_ROOT}/Manifest.lock",
			);
			name = "[CP] Check Pods Manifest.lock";
			outputFileListPaths = (
			);
			outputPaths = (
				"$(DERIVED_FILE_DIR)/Pods-ios-exercise-2-checkManifestLockResult.txt",
			);
			runOnlyForDeploymentPostprocessing = 0;
			shellPath = /bin/sh;
			shellScript = "diff \"${PODS_PODFILE_DIR_PATH}/Podfile.lock\" \"${PODS_ROOT}/Manifest.lock\" > /dev/null\nif [ $? != 0 ] ; then\n    # print error to STDERR\n    echo \"error: The sandbox is not in sync with the Podfile.lock. Run 'pod install' or update your CocoaPods installation.\" >&2\n    exit 1\nfi\n# This output is used by Xcode 'outputs' to avoid re-running this script phase.\necho \"SUCCESS\" > \"${SCRIPT_OUTPUT_FILE_0}\"\n";
			showEnvVarsInLog = 0;
		};
		FE9D2DB60BC21795F38ABFF1 /* [CP] Embed Pods Frameworks */ = {
			isa = PBXShellScriptBuildPhase;
			buildActionMask = 2147483647;
			files = (
			);
			inputFileListPaths = (
				"${PODS_ROOT}/Target Support Files/Pods-ios-exercise-2/Pods-ios-exercise-2-frameworks-${CONFIGURATION}-input-files.xcfilelist",
			);
			name = "[CP] Embed Pods Frameworks";
			outputFileListPaths = (
				"${PODS_ROOT}/Target Support Files/Pods-ios-exercise-2/Pods-ios-exercise-2-frameworks-${CONFIGURATION}-output-files.xcfilelist",
			);
			runOnlyForDeploymentPostprocessing = 0;
			shellPath = /bin/sh;
			shellScript = "\"${PODS_ROOT}/Target Support Files/Pods-ios-exercise-2/Pods-ios-exercise-2-frameworks.sh\"\n";
			showEnvVarsInLog = 0;
		};
/* End PBXShellScriptBuildPhase section */

/* Begin PBXSourcesBuildPhase section */
		8459DD9E2A1E6C3D0006DEFC /* Sources */ = {
			isa = PBXSourcesBuildPhase;
			buildActionMask = 2147483647;
			files = (
				8459DDBD2A1EBF440006DEFC /* UserRequest.swift in Sources */,
				8459DDC92A1EC6810006DEFC /* ApiParser.swift in Sources */,
				886E31EC2BAA291400188DF7 /* OAuthConstraint.swift in Sources */,
				8415A1182A2044EE007545AD /* AddProductViewController.swift in Sources */,
				84A8EAA52A253A480014C6CE /* Date.swift in Sources */,
				886E31E92BAA248400188DF7 /* RefreshTokenInterceptor.swift in Sources */,
				8459DDAA2A1E6C3D0006DEFC /* ViewController.swift in Sources */,
				8459DDBF2A1EBF4F0006DEFC /* ProductListResponse.swift in Sources */,
				84A8EA972A217CA60014C6CE /* UserInformation.swift in Sources */,
				8459DDCF2A1FB6C20006DEFC /* UserDefaultsManager.swift in Sources */,
				84A8EA952A2179690014C6CE /* UserRepository.swift in Sources */,
				84A8EAA02A2537F30014C6CE /* ProductResponse.swift in Sources */,
				8459DDDB2A1FECE50006DEFC /* HomeViewController.swift in Sources */,
				84A8EAA72A264C310014C6CE /* Constants.swift in Sources */,
				881FB12F2A4F55B500558ADB /* String.swift in Sources */,
				88F76A8D2A53519B00F0640B /* Guards.swift in Sources */,
				88F76A912A53623A00F0640B /* ApiManagerSwifty.swift in Sources */,
				881FB12D2A4F4B4B00558ADB /* ProductInfo.swift in Sources */,
				8459DDD72A1FD7AA0006DEFC /* AlertView.swift in Sources */,
				8459DDD52A1FCBF30006DEFC /* PasswordViewController.swift in Sources */,
				84A8EA9D2A25184A0014C6CE /* ProductRepository.swift in Sources */,
				88F76A952A5375AA00F0640B /* ApiManagerTimeSwifty.swift in Sources */,
				8415A1162A203B18007545AD /* EditInfoViewController.swift in Sources */,
				8459DDC72A1EC3EF0006DEFC /* ApiManagerDelegate.swift in Sources */,
				8459DDC52A1EC2CC0006DEFC /* ApiManager.swift in Sources */,
				8459DDA62A1E6C3D0006DEFC /* AppDelegate.swift in Sources */,
				8459DDA82A1E6C3D0006DEFC /* SceneDelegate.swift in Sources */,
				84A8EA992A218EBD0014C6CE /* SpinnerViewController.swift in Sources */,
				84A266292A200DA300E7B839 /* ErrorApi.swift in Sources */,
				84A8EA932A216AFD0014C6CE /* ProductListViewController.swift in Sources */,
				84A266222A200C5200E7B839 /* TimeResults.swift in Sources */,
				8459DDCD2A1FAD930006DEFC /* SessionManager.swift in Sources */,
				8459DDDD2A1FFAB10006DEFC /* InfoViewController.swift in Sources */,
				84A8EA9B2A2518080014C6CE /* TimeRepository.swift in Sources */,
				886E31E72BAA1B9600188DF7 /* AuthTokenInterceptor.swift in Sources */,
				8459DDC22A1EC1440006DEFC /* UserResponse.swift in Sources */,
				88F76A8F2A5352EB00F0640B /* UserInfo.swift in Sources */,
				88F76A8A2A53412500F0640B /* MyError.swift in Sources */,
			);
			runOnlyForDeploymentPostprocessing = 0;
		};
		884E3B7A2BB36E81006FBBA0 /* Sources */ = {
			isa = PBXSourcesBuildPhase;
			buildActionMask = 2147483647;
			files = (
				884E3B8D2BB37605006FBBA0 /* UIViewControllerExtension.swift in Sources */,
				884E3B812BB36E81006FBBA0 /* ios_exercise_2Tests.swift in Sources */,
			);
			runOnlyForDeploymentPostprocessing = 0;
		};
		88807BD82BB1FE5D007ED521 /* Sources */ = {
			isa = PBXSourcesBuildPhase;
			buildActionMask = 2147483647;
			files = (
				88807BDF2BB1FE5D007ED521 /* ios_exercise_2UITests.swift in Sources */,
				88807BE82BB20E02007ED521 /* TestValues.swift in Sources */,
			);
			runOnlyForDeploymentPostprocessing = 0;
		};
/* End PBXSourcesBuildPhase section */

/* Begin PBXTargetDependency section */
		884E3B832BB36E81006FBBA0 /* PBXTargetDependency */ = {
			isa = PBXTargetDependency;
			target = 8459DDA12A1E6C3D0006DEFC /* ios-exercise-2 */;
			targetProxy = 884E3B822BB36E81006FBBA0 /* PBXContainerItemProxy */;
		};
		88807BE32BB1FE5D007ED521 /* PBXTargetDependency */ = {
			isa = PBXTargetDependency;
			target = 8459DDA12A1E6C3D0006DEFC /* ios-exercise-2 */;
			targetProxy = 88807BE22BB1FE5D007ED521 /* PBXContainerItemProxy */;
		};
/* End PBXTargetDependency section */

/* Begin PBXVariantGroup section */
		8459DDAB2A1E6C3D0006DEFC /* Main.storyboard */ = {
			isa = PBXVariantGroup;
			children = (
				8459DDAC2A1E6C3D0006DEFC /* Base */,
			);
			name = Main.storyboard;
			sourceTree = "<group>";
		};
		8459DDB02A1E6C3E0006DEFC /* LaunchScreen.storyboard */ = {
			isa = PBXVariantGroup;
			children = (
				8459DDB12A1E6C3E0006DEFC /* Base */,
			);
			name = LaunchScreen.storyboard;
			sourceTree = "<group>";
		};
/* End PBXVariantGroup section */

/* Begin XCBuildConfiguration section */
		8459DDB42A1E6C3F0006DEFC /* Debug */ = {
			isa = XCBuildConfiguration;
			buildSettings = {
				ALWAYS_SEARCH_USER_PATHS = NO;
				CLANG_ANALYZER_NONNULL = YES;
				CLANG_ANALYZER_NUMBER_OBJECT_CONVERSION = YES_AGGRESSIVE;
				CLANG_CXX_LANGUAGE_STANDARD = "gnu++20";
				CLANG_ENABLE_MODULES = YES;
				CLANG_ENABLE_OBJC_ARC = YES;
				CLANG_ENABLE_OBJC_WEAK = YES;
				CLANG_WARN_BLOCK_CAPTURE_AUTORELEASING = YES;
				CLANG_WARN_BOOL_CONVERSION = YES;
				CLANG_WARN_COMMA = YES;
				CLANG_WARN_CONSTANT_CONVERSION = YES;
				CLANG_WARN_DEPRECATED_OBJC_IMPLEMENTATIONS = YES;
				CLANG_WARN_DIRECT_OBJC_ISA_USAGE = YES_ERROR;
				CLANG_WARN_DOCUMENTATION_COMMENTS = YES;
				CLANG_WARN_EMPTY_BODY = YES;
				CLANG_WARN_ENUM_CONVERSION = YES;
				CLANG_WARN_INFINITE_RECURSION = YES;
				CLANG_WARN_INT_CONVERSION = YES;
				CLANG_WARN_NON_LITERAL_NULL_CONVERSION = YES;
				CLANG_WARN_OBJC_IMPLICIT_RETAIN_SELF = YES;
				CLANG_WARN_OBJC_LITERAL_CONVERSION = YES;
				CLANG_WARN_OBJC_ROOT_CLASS = YES_ERROR;
				CLANG_WARN_QUOTED_INCLUDE_IN_FRAMEWORK_HEADER = YES;
				CLANG_WARN_RANGE_LOOP_ANALYSIS = YES;
				CLANG_WARN_STRICT_PROTOTYPES = YES;
				CLANG_WARN_SUSPICIOUS_MOVE = YES;
				CLANG_WARN_UNGUARDED_AVAILABILITY = YES_AGGRESSIVE;
				CLANG_WARN_UNREACHABLE_CODE = YES;
				CLANG_WARN__DUPLICATE_METHOD_MATCH = YES;
				COPY_PHASE_STRIP = NO;
				DEBUG_INFORMATION_FORMAT = dwarf;
				ENABLE_STRICT_OBJC_MSGSEND = YES;
				ENABLE_TESTABILITY = YES;
				GCC_C_LANGUAGE_STANDARD = gnu11;
				GCC_DYNAMIC_NO_PIC = NO;
				GCC_NO_COMMON_BLOCKS = YES;
				GCC_OPTIMIZATION_LEVEL = 0;
				GCC_PREPROCESSOR_DEFINITIONS = (
					"DEBUG=1",
					"$(inherited)",
				);
				GCC_WARN_64_TO_32_BIT_CONVERSION = YES;
				GCC_WARN_ABOUT_RETURN_TYPE = YES_ERROR;
				GCC_WARN_UNDECLARED_SELECTOR = YES;
				GCC_WARN_UNINITIALIZED_AUTOS = YES_AGGRESSIVE;
				GCC_WARN_UNUSED_FUNCTION = YES;
				GCC_WARN_UNUSED_VARIABLE = YES;
				IPHONEOS_DEPLOYMENT_TARGET = 15.0;
				MTL_ENABLE_DEBUG_INFO = INCLUDE_SOURCE;
				MTL_FAST_MATH = YES;
				ONLY_ACTIVE_ARCH = YES;
				SDKROOT = iphoneos;
				SWIFT_ACTIVE_COMPILATION_CONDITIONS = DEBUG;
				SWIFT_OPTIMIZATION_LEVEL = "-Onone";
			};
			name = Debug;
		};
		8459DDB52A1E6C3F0006DEFC /* Release */ = {
			isa = XCBuildConfiguration;
			buildSettings = {
				ALWAYS_SEARCH_USER_PATHS = NO;
				CLANG_ANALYZER_NONNULL = YES;
				CLANG_ANALYZER_NUMBER_OBJECT_CONVERSION = YES_AGGRESSIVE;
				CLANG_CXX_LANGUAGE_STANDARD = "gnu++20";
				CLANG_ENABLE_MODULES = YES;
				CLANG_ENABLE_OBJC_ARC = YES;
				CLANG_ENABLE_OBJC_WEAK = YES;
				CLANG_WARN_BLOCK_CAPTURE_AUTORELEASING = YES;
				CLANG_WARN_BOOL_CONVERSION = YES;
				CLANG_WARN_COMMA = YES;
				CLANG_WARN_CONSTANT_CONVERSION = YES;
				CLANG_WARN_DEPRECATED_OBJC_IMPLEMENTATIONS = YES;
				CLANG_WARN_DIRECT_OBJC_ISA_USAGE = YES_ERROR;
				CLANG_WARN_DOCUMENTATION_COMMENTS = YES;
				CLANG_WARN_EMPTY_BODY = YES;
				CLANG_WARN_ENUM_CONVERSION = YES;
				CLANG_WARN_INFINITE_RECURSION = YES;
				CLANG_WARN_INT_CONVERSION = YES;
				CLANG_WARN_NON_LITERAL_NULL_CONVERSION = YES;
				CLANG_WARN_OBJC_IMPLICIT_RETAIN_SELF = YES;
				CLANG_WARN_OBJC_LITERAL_CONVERSION = YES;
				CLANG_WARN_OBJC_ROOT_CLASS = YES_ERROR;
				CLANG_WARN_QUOTED_INCLUDE_IN_FRAMEWORK_HEADER = YES;
				CLANG_WARN_RANGE_LOOP_ANALYSIS = YES;
				CLANG_WARN_STRICT_PROTOTYPES = YES;
				CLANG_WARN_SUSPICIOUS_MOVE = YES;
				CLANG_WARN_UNGUARDED_AVAILABILITY = YES_AGGRESSIVE;
				CLANG_WARN_UNREACHABLE_CODE = YES;
				CLANG_WARN__DUPLICATE_METHOD_MATCH = YES;
				COPY_PHASE_STRIP = NO;
				DEBUG_INFORMATION_FORMAT = "dwarf-with-dsym";
				ENABLE_NS_ASSERTIONS = NO;
				ENABLE_STRICT_OBJC_MSGSEND = YES;
				GCC_C_LANGUAGE_STANDARD = gnu11;
				GCC_NO_COMMON_BLOCKS = YES;
				GCC_WARN_64_TO_32_BIT_CONVERSION = YES;
				GCC_WARN_ABOUT_RETURN_TYPE = YES_ERROR;
				GCC_WARN_UNDECLARED_SELECTOR = YES;
				GCC_WARN_UNINITIALIZED_AUTOS = YES_AGGRESSIVE;
				GCC_WARN_UNUSED_FUNCTION = YES;
				GCC_WARN_UNUSED_VARIABLE = YES;
				IPHONEOS_DEPLOYMENT_TARGET = 15.0;
				MTL_ENABLE_DEBUG_INFO = NO;
				MTL_FAST_MATH = YES;
				SDKROOT = iphoneos;
				SWIFT_COMPILATION_MODE = wholemodule;
				SWIFT_OPTIMIZATION_LEVEL = "-O";
				VALIDATE_PRODUCT = YES;
			};
			name = Release;
		};
		8459DDB72A1E6C3F0006DEFC /* Debug */ = {
			isa = XCBuildConfiguration;
			baseConfigurationReference = CFBCF01ACC05B3733BDD6170 /* Pods-ios-exercise-2.debug.xcconfig */;
			buildSettings = {
				ASSETCATALOG_COMPILER_APPICON_NAME = AppIcon;
				ASSETCATALOG_COMPILER_GLOBAL_ACCENT_COLOR_NAME = AccentColor;
				CODE_SIGN_STYLE = Automatic;
				CURRENT_PROJECT_VERSION = 1;
				DEVELOPMENT_TEAM = KFW63RJ4JK;
				GENERATE_INFOPLIST_FILE = YES;
				INFOPLIST_FILE = "ios-exercise-2/Info.plist";
				INFOPLIST_KEY_UIApplicationSupportsIndirectInputEvents = YES;
				INFOPLIST_KEY_UILaunchStoryboardName = LaunchScreen;
				INFOPLIST_KEY_UIMainStoryboardFile = Main;
				INFOPLIST_KEY_UISupportedInterfaceOrientations_iPad = "UIInterfaceOrientationPortrait UIInterfaceOrientationPortraitUpsideDown UIInterfaceOrientationLandscapeLeft UIInterfaceOrientationLandscapeRight";
				INFOPLIST_KEY_UISupportedInterfaceOrientations_iPhone = "UIInterfaceOrientationPortrait UIInterfaceOrientationLandscapeLeft UIInterfaceOrientationLandscapeRight";
				IPHONEOS_DEPLOYMENT_TARGET = 15.0;
				LD_RUNPATH_SEARCH_PATHS = (
					"$(inherited)",
					"@executable_path/Frameworks",
				);
				MARKETING_VERSION = 1.0;
				PRODUCT_BUNDLE_IDENTIFIER = "com.test.app.ios-exercise-2";
				PRODUCT_NAME = "$(TARGET_NAME)";
				SWIFT_EMIT_LOC_STRINGS = YES;
				SWIFT_VERSION = 5.0;
				TARGETED_DEVICE_FAMILY = "1,2";
			};
			name = Debug;
		};
		8459DDB82A1E6C3F0006DEFC /* Release */ = {
			isa = XCBuildConfiguration;
			baseConfigurationReference = 50D9256DF1266D2874173D77 /* Pods-ios-exercise-2.release.xcconfig */;
			buildSettings = {
				ASSETCATALOG_COMPILER_APPICON_NAME = AppIcon;
				ASSETCATALOG_COMPILER_GLOBAL_ACCENT_COLOR_NAME = AccentColor;
				CODE_SIGN_STYLE = Automatic;
				CURRENT_PROJECT_VERSION = 1;
				DEVELOPMENT_TEAM = KFW63RJ4JK;
				GENERATE_INFOPLIST_FILE = YES;
				INFOPLIST_FILE = "ios-exercise-2/Info.plist";
				INFOPLIST_KEY_UIApplicationSupportsIndirectInputEvents = YES;
				INFOPLIST_KEY_UILaunchStoryboardName = LaunchScreen;
				INFOPLIST_KEY_UIMainStoryboardFile = Main;
				INFOPLIST_KEY_UISupportedInterfaceOrientations_iPad = "UIInterfaceOrientationPortrait UIInterfaceOrientationPortraitUpsideDown UIInterfaceOrientationLandscapeLeft UIInterfaceOrientationLandscapeRight";
				INFOPLIST_KEY_UISupportedInterfaceOrientations_iPhone = "UIInterfaceOrientationPortrait UIInterfaceOrientationLandscapeLeft UIInterfaceOrientationLandscapeRight";
				IPHONEOS_DEPLOYMENT_TARGET = 15.0;
				LD_RUNPATH_SEARCH_PATHS = (
					"$(inherited)",
					"@executable_path/Frameworks",
				);
				MARKETING_VERSION = 1.0;
				PRODUCT_BUNDLE_IDENTIFIER = "com.test.app.ios-exercise-2";
				PRODUCT_NAME = "$(TARGET_NAME)";
				SWIFT_EMIT_LOC_STRINGS = YES;
				SWIFT_VERSION = 5.0;
				TARGETED_DEVICE_FAMILY = "1,2";
			};
			name = Release;
		};
		884E3B842BB36E81006FBBA0 /* Debug */ = {
			isa = XCBuildConfiguration;
			buildSettings = {
				ASSETCATALOG_COMPILER_GENERATE_SWIFT_ASSET_SYMBOL_EXTENSIONS = YES;
				BUNDLE_LOADER = "$(TEST_HOST)";
				CODE_SIGN_STYLE = Automatic;
				CURRENT_PROJECT_VERSION = 1;
				DEVELOPMENT_TEAM = KFW63RJ4JK;
				ENABLE_USER_SCRIPT_SANDBOXING = YES;
				GCC_C_LANGUAGE_STANDARD = gnu17;
				GENERATE_INFOPLIST_FILE = YES;
				IPHONEOS_DEPLOYMENT_TARGET = 17.2;
				LOCALIZATION_PREFERS_STRING_CATALOGS = YES;
				MARKETING_VERSION = 1.0;
				PRODUCT_BUNDLE_IDENTIFIER = "com.test.app.snapshoot.test.ios-exercise-2Tests";
				PRODUCT_NAME = "$(TARGET_NAME)";
				SWIFT_ACTIVE_COMPILATION_CONDITIONS = "DEBUG $(inherited)";
				SWIFT_EMIT_LOC_STRINGS = NO;
				SWIFT_VERSION = 5.0;
				TARGETED_DEVICE_FAMILY = "1,2";
				TEST_HOST = "$(BUILT_PRODUCTS_DIR)/ios-exercise-2.app/$(BUNDLE_EXECUTABLE_FOLDER_PATH)/ios-exercise-2";
			};
			name = Debug;
		};
		884E3B852BB36E81006FBBA0 /* Release */ = {
			isa = XCBuildConfiguration;
			buildSettings = {
				ASSETCATALOG_COMPILER_GENERATE_SWIFT_ASSET_SYMBOL_EXTENSIONS = YES;
				BUNDLE_LOADER = "$(TEST_HOST)";
				CODE_SIGN_STYLE = Automatic;
				CURRENT_PROJECT_VERSION = 1;
				DEVELOPMENT_TEAM = KFW63RJ4JK;
				ENABLE_USER_SCRIPT_SANDBOXING = YES;
				GCC_C_LANGUAGE_STANDARD = gnu17;
				GENERATE_INFOPLIST_FILE = YES;
				IPHONEOS_DEPLOYMENT_TARGET = 17.2;
				LOCALIZATION_PREFERS_STRING_CATALOGS = YES;
				MARKETING_VERSION = 1.0;
				PRODUCT_BUNDLE_IDENTIFIER = "com.test.app.snapshoot.test.ios-exercise-2Tests";
				PRODUCT_NAME = "$(TARGET_NAME)";
				SWIFT_EMIT_LOC_STRINGS = NO;
				SWIFT_VERSION = 5.0;
				TARGETED_DEVICE_FAMILY = "1,2";
				TEST_HOST = "$(BUILT_PRODUCTS_DIR)/ios-exercise-2.app/$(BUNDLE_EXECUTABLE_FOLDER_PATH)/ios-exercise-2";
			};
			name = Release;
		};
		88807BE42BB1FE5D007ED521 /* Debug */ = {
			isa = XCBuildConfiguration;
			buildSettings = {
				ASSETCATALOG_COMPILER_GENERATE_SWIFT_ASSET_SYMBOL_EXTENSIONS = YES;
				CODE_SIGN_STYLE = Automatic;
				CURRENT_PROJECT_VERSION = 1;
				DEVELOPMENT_TEAM = KFW63RJ4JK;
				ENABLE_USER_SCRIPT_SANDBOXING = YES;
				GCC_C_LANGUAGE_STANDARD = gnu17;
				GENERATE_INFOPLIST_FILE = YES;
				IPHONEOS_DEPLOYMENT_TARGET = 17.2;
				LOCALIZATION_PREFERS_STRING_CATALOGS = YES;
				MARKETING_VERSION = 1.0;
				PRODUCT_BUNDLE_IDENTIFIER = "com.test.app.ios-exercise-2";
				PRODUCT_NAME = "$(TARGET_NAME)";
				SWIFT_ACTIVE_COMPILATION_CONDITIONS = "DEBUG $(inherited)";
				SWIFT_EMIT_LOC_STRINGS = NO;
				SWIFT_VERSION = 5.0;
				TARGETED_DEVICE_FAMILY = "1,2";
				TEST_TARGET_NAME = "ios-exercise-2";
			};
			name = Debug;
		};
		88807BE52BB1FE5D007ED521 /* Release */ = {
			isa = XCBuildConfiguration;
			buildSettings = {
				ASSETCATALOG_COMPILER_GENERATE_SWIFT_ASSET_SYMBOL_EXTENSIONS = YES;
				CODE_SIGN_STYLE = Automatic;
				CURRENT_PROJECT_VERSION = 1;
				DEVELOPMENT_TEAM = KFW63RJ4JK;
				ENABLE_USER_SCRIPT_SANDBOXING = YES;
				GCC_C_LANGUAGE_STANDARD = gnu17;
				GENERATE_INFOPLIST_FILE = YES;
				IPHONEOS_DEPLOYMENT_TARGET = 17.2;
				LOCALIZATION_PREFERS_STRING_CATALOGS = YES;
				MARKETING_VERSION = 1.0;
				PRODUCT_BUNDLE_IDENTIFIER = "com.test.app.ios-exercise-2";
				PRODUCT_NAME = "$(TARGET_NAME)";
				SWIFT_EMIT_LOC_STRINGS = NO;
				SWIFT_VERSION = 5.0;
				TARGETED_DEVICE_FAMILY = "1,2";
				TEST_TARGET_NAME = "ios-exercise-2";
			};
			name = Release;
		};
/* End XCBuildConfiguration section */

/* Begin XCConfigurationList section */
		8459DD9D2A1E6C3D0006DEFC /* Build configuration list for PBXProject "ios-exercise-2" */ = {
			isa = XCConfigurationList;
			buildConfigurations = (
				8459DDB42A1E6C3F0006DEFC /* Debug */,
				8459DDB52A1E6C3F0006DEFC /* Release */,
			);
			defaultConfigurationIsVisible = 0;
			defaultConfigurationName = Release;
		};
		8459DDB62A1E6C3F0006DEFC /* Build configuration list for PBXNativeTarget "ios-exercise-2" */ = {
			isa = XCConfigurationList;
			buildConfigurations = (
				8459DDB72A1E6C3F0006DEFC /* Debug */,
				8459DDB82A1E6C3F0006DEFC /* Release */,
			);
			defaultConfigurationIsVisible = 0;
			defaultConfigurationName = Release;
		};
		884E3B862BB36E81006FBBA0 /* Build configuration list for PBXNativeTarget "ios-exercise-2Tests" */ = {
			isa = XCConfigurationList;
			buildConfigurations = (
				884E3B842BB36E81006FBBA0 /* Debug */,
				884E3B852BB36E81006FBBA0 /* Release */,
			);
			defaultConfigurationIsVisible = 0;
			defaultConfigurationName = Release;
		};
		88807BE62BB1FE5D007ED521 /* Build configuration list for PBXNativeTarget "ios-exercise-2UITests" */ = {
			isa = XCConfigurationList;
			buildConfigurations = (
				88807BE42BB1FE5D007ED521 /* Debug */,
				88807BE52BB1FE5D007ED521 /* Release */,
			);
			defaultConfigurationIsVisible = 0;
			defaultConfigurationName = Release;
		};
/* End XCConfigurationList section */

/* Begin XCRemoteSwiftPackageReference section */
		884E3B872BB36F69006FBBA0 /* XCRemoteSwiftPackageReference "swift-snapshot-testing" */ = {
			isa = XCRemoteSwiftPackageReference;
			repositoryURL = "https://github.com/pointfreeco/swift-snapshot-testing";
			requirement = {
				kind = upToNextMajorVersion;
				minimumVersion = 1.15.4;
			};
		};
/* End XCRemoteSwiftPackageReference section */

/* Begin XCSwiftPackageProductDependency section */
		884E3B882BB36F69006FBBA0 /* InlineSnapshotTesting */ = {
			isa = XCSwiftPackageProductDependency;
			package = 884E3B872BB36F69006FBBA0 /* XCRemoteSwiftPackageReference "swift-snapshot-testing" */;
			productName = InlineSnapshotTesting;
		};
		884E3B8A2BB36F69006FBBA0 /* SnapshotTesting */ = {
			isa = XCSwiftPackageProductDependency;
			package = 884E3B872BB36F69006FBBA0 /* XCRemoteSwiftPackageReference "swift-snapshot-testing" */;
			productName = SnapshotTesting;
		};
/* End XCSwiftPackageProductDependency section */
	};
	rootObject = 8459DD9A2A1E6C3D0006DEFC /* Project object */;
}
